
Microsoft Visual Studio Solution File, Format Version 12.00
# Visual Studio 14
VisualStudioVersion = 14.0.25420.1
MinimumVisualStudioVersion = 10.0.40219.1
Project("{8BC9CEB8-8B4A-11D0-8D11-00A0C91BC942}") = "DXUT", "DXUT-master\Core\DXUT_2015_Win10.vcxproj", "{85344B7F-5AA0-4E12-A065-D1333D11F6CA}"
EndProject
Project("{8BC9CEB8-8B4A-11D0-8D11-00A0C91BC942}") = "DirectXOne", "DirectXOne\DirectXOne\DirectXOne.vcxproj", "{BF389580-D3A4-4EE2-A569-55655972644F}"
	ProjectSection(ProjectDependencies) = postProject
		{85344B7F-5AA0-4E12-A065-D1333D11F6CA} = {85344B7F-5AA0-4E12-A065-D1333D11F6CA}
	EndProjectSection
EndProject
Project("{8BC9CEB8-8B4A-11D0-8D11-00A0C91BC942}") = "DirectXTwo", "DirectXTwo\DirectXTwo\DirectXTwo.vcxproj", "{8F266BDC-408D-44CA-872B-8D0FEBC6F54F}"
	ProjectSection(ProjectDependencies) = postProject
		{85344B7F-5AA0-4E12-A065-D1333D11F6CA} = {85344B7F-5AA0-4E12-A065-D1333D11F6CA}
		{61B333C2-C4F7-4CC1-A9BF-83F6D95588EB} = {61B333C2-C4F7-4CC1-A9BF-83F6D95588EB}
	EndProjectSection
EndProject
Project("{8BC9CEB8-8B4A-11D0-8D11-00A0C91BC942}") = "DXUTOpt", "DXUT-master\Optional\DXUTOpt_2015_Win10.vcxproj", "{61B333C2-C4F7-4CC1-A9BF-83F6D95588EB}"
EndProject
Project("{8BC9CEB8-8B4A-11D0-8D11-00A0C91BC942}") = "DirectXThree", "DirectXThree\DirectXThree\DirectXThree.vcxproj", "{A996CE2C-347A-4F2C-AA80-47BB2C43304C}"
	ProjectSection(ProjectDependencies) = postProject
		{85344B7F-5AA0-4E12-A065-D1333D11F6CA} = {85344B7F-5AA0-4E12-A065-D1333D11F6CA}
		{61B333C2-C4F7-4CC1-A9BF-83F6D95588EB} = {61B333C2-C4F7-4CC1-A9BF-83F6D95588EB}
	EndProjectSection
EndProject
Project("{8BC9CEB8-8B4A-11D0-8D11-00A0C91BC942}") = "DirectXFour", "DirectXFour\DirectXFour\DirectXFour.vcxproj", "{09D542EF-C764-424B-AE94-4F8A7BF47CA0}"
	ProjectSection(ProjectDependencies) = postProject
		{85344B7F-5AA0-4E12-A065-D1333D11F6CA} = {85344B7F-5AA0-4E12-A065-D1333D11F6CA}
		{61B333C2-C4F7-4CC1-A9BF-83F6D95588EB} = {61B333C2-C4F7-4CC1-A9BF-83F6D95588EB}
	EndProjectSection
EndProject
Project("{8BC9CEB8-8B4A-11D0-8D11-00A0C91BC942}") = "Effects11", "FX11-master\Effects11_2015.vcxproj", "{DF460EAB-570D-4B50-9089-2E2FC801BF38}"
EndProject
Project("{8BC9CEB8-8B4A-11D0-8D11-00A0C91BC942}") = "DirectXFive", "DirectXFive\DirectXFive\DirectXFive.vcxproj", "{D349AA11-6688-451F-A5CD-42FBA3C79EE0}"
	ProjectSection(ProjectDependencies) = postProject
		{85344B7F-5AA0-4E12-A065-D1333D11F6CA} = {85344B7F-5AA0-4E12-A065-D1333D11F6CA}
		{DF460EAB-570D-4B50-9089-2E2FC801BF38} = {DF460EAB-570D-4B50-9089-2E2FC801BF38}
		{61B333C2-C4F7-4CC1-A9BF-83F6D95588EB} = {61B333C2-C4F7-4CC1-A9BF-83F6D95588EB}
	EndProjectSection
EndProject
Project("{8BC9CEB8-8B4A-11D0-8D11-00A0C91BC942}") = "DirectXSix", "DirectXSix\DirectXSix\DirectXSix.vcxproj", "{F3282336-4119-47A5-91D2-6CD02C7FA97D}"
	ProjectSection(ProjectDependencies) = postProject
		{85344B7F-5AA0-4E12-A065-D1333D11F6CA} = {85344B7F-5AA0-4E12-A065-D1333D11F6CA}
		{DF460EAB-570D-4B50-9089-2E2FC801BF38} = {DF460EAB-570D-4B50-9089-2E2FC801BF38}
		{61B333C2-C4F7-4CC1-A9BF-83F6D95588EB} = {61B333C2-C4F7-4CC1-A9BF-83F6D95588EB}
	EndProjectSection
EndProject
Project("{8BC9CEB8-8B4A-11D0-8D11-00A0C91BC942}") = "DirectXSeven", "DirectXSeven\DirectXSeven\DirectXSeven.vcxproj", "{432F5FFD-1F24-4DBA-BA7A-3B76BBBA7D9A}"
	ProjectSection(ProjectDependencies) = postProject
		{85344B7F-5AA0-4E12-A065-D1333D11F6CA} = {85344B7F-5AA0-4E12-A065-D1333D11F6CA}
		{DF460EAB-570D-4B50-9089-2E2FC801BF38} = {DF460EAB-570D-4B50-9089-2E2FC801BF38}
		{61B333C2-C4F7-4CC1-A9BF-83F6D95588EB} = {61B333C2-C4F7-4CC1-A9BF-83F6D95588EB}
	EndProjectSection
EndProject
Project("{8BC9CEB8-8B4A-11D0-8D11-00A0C91BC942}") = "DirectXEight", "DirectXEight\DirectXEight\DirectXEight.vcxproj", "{8D846B18-B22C-41AD-94F2-D6C3215ABB68}"
	ProjectSection(ProjectDependencies) = postProject
		{85344B7F-5AA0-4E12-A065-D1333D11F6CA} = {85344B7F-5AA0-4E12-A065-D1333D11F6CA}
		{DF460EAB-570D-4B50-9089-2E2FC801BF38} = {DF460EAB-570D-4B50-9089-2E2FC801BF38}
		{61B333C2-C4F7-4CC1-A9BF-83F6D95588EB} = {61B333C2-C4F7-4CC1-A9BF-83F6D95588EB}
	EndProjectSection
EndProject
Project("{8BC9CEB8-8B4A-11D0-8D11-00A0C91BC942}") = "DirectxNine", "DirectxNine\DirectxNine\DirectxNine.vcxproj", "{2895A0FF-1940-4D4A-AEAD-EF63EF08C9BC}"
	ProjectSection(ProjectDependencies) = postProject
		{85344B7F-5AA0-4E12-A065-D1333D11F6CA} = {85344B7F-5AA0-4E12-A065-D1333D11F6CA}
		{DF460EAB-570D-4B50-9089-2E2FC801BF38} = {DF460EAB-570D-4B50-9089-2E2FC801BF38}
		{61B333C2-C4F7-4CC1-A9BF-83F6D95588EB} = {61B333C2-C4F7-4CC1-A9BF-83F6D95588EB}
	EndProjectSection
EndProject
Project("{8BC9CEB8-8B4A-11D0-8D11-00A0C91BC942}") = "DirectXTen", "DirectXTen\DirectXTen\DirectXTen.vcxproj", "{76DC68C1-08E0-4288-85FF-A4AD82A98AD2}"
	ProjectSection(ProjectDependencies) = postProject
		{85344B7F-5AA0-4E12-A065-D1333D11F6CA} = {85344B7F-5AA0-4E12-A065-D1333D11F6CA}
		{DF460EAB-570D-4B50-9089-2E2FC801BF38} = {DF460EAB-570D-4B50-9089-2E2FC801BF38}
		{61B333C2-C4F7-4CC1-A9BF-83F6D95588EB} = {61B333C2-C4F7-4CC1-A9BF-83F6D95588EB}
	EndProjectSection
EndProject
Project("{8BC9CEB8-8B4A-11D0-8D11-00A0C91BC942}") = "DirectXEleven", "DirectXEleven\DirectXEleven\DirectXEleven.vcxproj", "{437F65A0-1EA1-4607-B250-729341EC8DCF}"
	ProjectSection(ProjectDependencies) = postProject
		{85344B7F-5AA0-4E12-A065-D1333D11F6CA} = {85344B7F-5AA0-4E12-A065-D1333D11F6CA}
		{DF460EAB-570D-4B50-9089-2E2FC801BF38} = {DF460EAB-570D-4B50-9089-2E2FC801BF38}
		{61B333C2-C4F7-4CC1-A9BF-83F6D95588EB} = {61B333C2-C4F7-4CC1-A9BF-83F6D95588EB}
	EndProjectSection
EndProject
Project("{8BC9CEB8-8B4A-11D0-8D11-00A0C91BC942}") = "DirectXTwelve", "DirectXTwelve\DirectXTwelve\DirectXTwelve.vcxproj", "{9DD43347-F1D2-401E-AC51-9A266266E645}"
	ProjectSection(ProjectDependencies) = postProject
		{85344B7F-5AA0-4E12-A065-D1333D11F6CA} = {85344B7F-5AA0-4E12-A065-D1333D11F6CA}
		{DF460EAB-570D-4B50-9089-2E2FC801BF38} = {DF460EAB-570D-4B50-9089-2E2FC801BF38}
		{61B333C2-C4F7-4CC1-A9BF-83F6D95588EB} = {61B333C2-C4F7-4CC1-A9BF-83F6D95588EB}
	EndProjectSection
EndProject
Global
	GlobalSection(SolutionConfigurationPlatforms) = preSolution
		Debug|ARM = Debug|ARM
		Debug|x64 = Debug|x64
		Debug|x86 = Debug|x86
		Profile|ARM = Profile|ARM
		Profile|x64 = Profile|x64
		Profile|x86 = Profile|x86
		Release|ARM = Release|ARM
		Release|x64 = Release|x64
		Release|x86 = Release|x86
	EndGlobalSection
	GlobalSection(ProjectConfigurationPlatforms) = postSolution
		{85344B7F-5AA0-4E12-A065-D1333D11F6CA}.Debug|ARM.ActiveCfg = Debug|Win32
		{85344B7F-5AA0-4E12-A065-D1333D11F6CA}.Debug|x64.ActiveCfg = Debug|x64
		{85344B7F-5AA0-4E12-A065-D1333D11F6CA}.Debug|x64.Build.0 = Debug|x64
		{85344B7F-5AA0-4E12-A065-D1333D11F6CA}.Debug|x86.ActiveCfg = Debug|Win32
		{85344B7F-5AA0-4E12-A065-D1333D11F6CA}.Debug|x86.Build.0 = Debug|Win32
		{85344B7F-5AA0-4E12-A065-D1333D11F6CA}.Profile|ARM.ActiveCfg = Profile|Win32
		{85344B7F-5AA0-4E12-A065-D1333D11F6CA}.Profile|x64.ActiveCfg = Profile|x64
		{85344B7F-5AA0-4E12-A065-D1333D11F6CA}.Profile|x64.Build.0 = Profile|x64
		{85344B7F-5AA0-4E12-A065-D1333D11F6CA}.Profile|x86.ActiveCfg = Profile|Win32
		{85344B7F-5AA0-4E12-A065-D1333D11F6CA}.Profile|x86.Build.0 = Profile|Win32
		{85344B7F-5AA0-4E12-A065-D1333D11F6CA}.Release|ARM.ActiveCfg = Release|Win32
		{85344B7F-5AA0-4E12-A065-D1333D11F6CA}.Release|x64.ActiveCfg = Release|x64
		{85344B7F-5AA0-4E12-A065-D1333D11F6CA}.Release|x64.Build.0 = Release|x64
		{85344B7F-5AA0-4E12-A065-D1333D11F6CA}.Release|x86.ActiveCfg = Release|Win32
		{85344B7F-5AA0-4E12-A065-D1333D11F6CA}.Release|x86.Build.0 = Release|Win32
		{BF389580-D3A4-4EE2-A569-55655972644F}.Debug|ARM.ActiveCfg = Debug|Win32
		{BF389580-D3A4-4EE2-A569-55655972644F}.Debug|x64.ActiveCfg = Debug|x64
		{BF389580-D3A4-4EE2-A569-55655972644F}.Debug|x64.Build.0 = Debug|x64
		{BF389580-D3A4-4EE2-A569-55655972644F}.Debug|x86.ActiveCfg = Debug|Win32
		{BF389580-D3A4-4EE2-A569-55655972644F}.Debug|x86.Build.0 = Debug|Win32
		{BF389580-D3A4-4EE2-A569-55655972644F}.Profile|ARM.ActiveCfg = Release|Win32
		{BF389580-D3A4-4EE2-A569-55655972644F}.Profile|ARM.Build.0 = Release|Win32
		{BF389580-D3A4-4EE2-A569-55655972644F}.Profile|x64.ActiveCfg = Release|x64
		{BF389580-D3A4-4EE2-A569-55655972644F}.Profile|x64.Build.0 = Release|x64
		{BF389580-D3A4-4EE2-A569-55655972644F}.Profile|x86.ActiveCfg = Release|Win32
		{BF389580-D3A4-4EE2-A569-55655972644F}.Profile|x86.Build.0 = Release|Win32
		{BF389580-D3A4-4EE2-A569-55655972644F}.Release|ARM.ActiveCfg = Release|Win32
		{BF389580-D3A4-4EE2-A569-55655972644F}.Release|x64.ActiveCfg = Release|x64
		{BF389580-D3A4-4EE2-A569-55655972644F}.Release|x64.Build.0 = Release|x64
		{BF389580-D3A4-4EE2-A569-55655972644F}.Release|x86.ActiveCfg = Release|Win32
		{BF389580-D3A4-4EE2-A569-55655972644F}.Release|x86.Build.0 = Release|Win32
		{8F266BDC-408D-44CA-872B-8D0FEBC6F54F}.Debug|ARM.ActiveCfg = Debug|Win32
		{8F266BDC-408D-44CA-872B-8D0FEBC6F54F}.Debug|x64.ActiveCfg = Debug|x64
		{8F266BDC-408D-44CA-872B-8D0FEBC6F54F}.Debug|x64.Build.0 = Debug|x64
		{8F266BDC-408D-44CA-872B-8D0FEBC6F54F}.Debug|x86.ActiveCfg = Debug|Win32
		{8F266BDC-408D-44CA-872B-8D0FEBC6F54F}.Debug|x86.Build.0 = Debug|Win32
		{8F266BDC-408D-44CA-872B-8D0FEBC6F54F}.Profile|ARM.ActiveCfg = Release|Win32
		{8F266BDC-408D-44CA-872B-8D0FEBC6F54F}.Profile|ARM.Build.0 = Release|Win32
		{8F266BDC-408D-44CA-872B-8D0FEBC6F54F}.Profile|x64.ActiveCfg = Release|x64
		{8F266BDC-408D-44CA-872B-8D0FEBC6F54F}.Profile|x64.Build.0 = Release|x64
		{8F266BDC-408D-44CA-872B-8D0FEBC6F54F}.Profile|x86.ActiveCfg = Release|Win32
		{8F266BDC-408D-44CA-872B-8D0FEBC6F54F}.Profile|x86.Build.0 = Release|Win32
		{8F266BDC-408D-44CA-872B-8D0FEBC6F54F}.Release|ARM.ActiveCfg = Release|Win32
		{8F266BDC-408D-44CA-872B-8D0FEBC6F54F}.Release|x64.ActiveCfg = Release|x64
		{8F266BDC-408D-44CA-872B-8D0FEBC6F54F}.Release|x64.Build.0 = Release|x64
		{8F266BDC-408D-44CA-872B-8D0FEBC6F54F}.Release|x86.ActiveCfg = Release|Win32
		{8F266BDC-408D-44CA-872B-8D0FEBC6F54F}.Release|x86.Build.0 = Release|Win32
		{61B333C2-C4F7-4CC1-A9BF-83F6D95588EB}.Debug|ARM.ActiveCfg = Debug|Win32
		{61B333C2-C4F7-4CC1-A9BF-83F6D95588EB}.Debug|x64.ActiveCfg = Debug|x64
		{61B333C2-C4F7-4CC1-A9BF-83F6D95588EB}.Debug|x64.Build.0 = Debug|x64
		{61B333C2-C4F7-4CC1-A9BF-83F6D95588EB}.Debug|x86.ActiveCfg = Debug|Win32
		{61B333C2-C4F7-4CC1-A9BF-83F6D95588EB}.Debug|x86.Build.0 = Debug|Win32
		{61B333C2-C4F7-4CC1-A9BF-83F6D95588EB}.Profile|ARM.ActiveCfg = Profile|Win32
		{61B333C2-C4F7-4CC1-A9BF-83F6D95588EB}.Profile|x64.ActiveCfg = Profile|x64
		{61B333C2-C4F7-4CC1-A9BF-83F6D95588EB}.Profile|x64.Build.0 = Profile|x64
		{61B333C2-C4F7-4CC1-A9BF-83F6D95588EB}.Profile|x86.ActiveCfg = Profile|Win32
		{61B333C2-C4F7-4CC1-A9BF-83F6D95588EB}.Profile|x86.Build.0 = Profile|Win32
		{61B333C2-C4F7-4CC1-A9BF-83F6D95588EB}.Release|ARM.ActiveCfg = Release|Win32
		{61B333C2-C4F7-4CC1-A9BF-83F6D95588EB}.Release|x64.ActiveCfg = Release|x64
		{61B333C2-C4F7-4CC1-A9BF-83F6D95588EB}.Release|x64.Build.0 = Release|x64
		{61B333C2-C4F7-4CC1-A9BF-83F6D95588EB}.Release|x86.ActiveCfg = Release|Win32
		{61B333C2-C4F7-4CC1-A9BF-83F6D95588EB}.Release|x86.Build.0 = Release|Win32
		{A996CE2C-347A-4F2C-AA80-47BB2C43304C}.Debug|ARM.ActiveCfg = Debug|Win32
		{A996CE2C-347A-4F2C-AA80-47BB2C43304C}.Debug|x64.ActiveCfg = Debug|x64
		{A996CE2C-347A-4F2C-AA80-47BB2C43304C}.Debug|x64.Build.0 = Debug|x64
		{A996CE2C-347A-4F2C-AA80-47BB2C43304C}.Debug|x86.ActiveCfg = Debug|Win32
		{A996CE2C-347A-4F2C-AA80-47BB2C43304C}.Debug|x86.Build.0 = Debug|Win32
		{A996CE2C-347A-4F2C-AA80-47BB2C43304C}.Profile|ARM.ActiveCfg = Release|Win32
		{A996CE2C-347A-4F2C-AA80-47BB2C43304C}.Profile|ARM.Build.0 = Release|Win32
		{A996CE2C-347A-4F2C-AA80-47BB2C43304C}.Profile|x64.ActiveCfg = Release|x64
		{A996CE2C-347A-4F2C-AA80-47BB2C43304C}.Profile|x64.Build.0 = Release|x64
		{A996CE2C-347A-4F2C-AA80-47BB2C43304C}.Profile|x86.ActiveCfg = Release|Win32
		{A996CE2C-347A-4F2C-AA80-47BB2C43304C}.Profile|x86.Build.0 = Release|Win32
		{A996CE2C-347A-4F2C-AA80-47BB2C43304C}.Release|ARM.ActiveCfg = Release|Win32
		{A996CE2C-347A-4F2C-AA80-47BB2C43304C}.Release|x64.ActiveCfg = Release|x64
		{A996CE2C-347A-4F2C-AA80-47BB2C43304C}.Release|x64.Build.0 = Release|x64
		{A996CE2C-347A-4F2C-AA80-47BB2C43304C}.Release|x86.ActiveCfg = Release|Win32
		{A996CE2C-347A-4F2C-AA80-47BB2C43304C}.Release|x86.Build.0 = Release|Win32
		{09D542EF-C764-424B-AE94-4F8A7BF47CA0}.Debug|ARM.ActiveCfg = Debug|Win32
		{09D542EF-C764-424B-AE94-4F8A7BF47CA0}.Debug|x64.ActiveCfg = Debug|x64
		{09D542EF-C764-424B-AE94-4F8A7BF47CA0}.Debug|x64.Build.0 = Debug|x64
		{09D542EF-C764-424B-AE94-4F8A7BF47CA0}.Debug|x86.ActiveCfg = Debug|Win32
		{09D542EF-C764-424B-AE94-4F8A7BF47CA0}.Debug|x86.Build.0 = Debug|Win32
		{09D542EF-C764-424B-AE94-4F8A7BF47CA0}.Profile|ARM.ActiveCfg = Release|Win32
		{09D542EF-C764-424B-AE94-4F8A7BF47CA0}.Profile|ARM.Build.0 = Release|Win32
		{09D542EF-C764-424B-AE94-4F8A7BF47CA0}.Profile|x64.ActiveCfg = Release|x64
		{09D542EF-C764-424B-AE94-4F8A7BF47CA0}.Profile|x64.Build.0 = Release|x64
		{09D542EF-C764-424B-AE94-4F8A7BF47CA0}.Profile|x86.ActiveCfg = Release|Win32
		{09D542EF-C764-424B-AE94-4F8A7BF47CA0}.Profile|x86.Build.0 = Release|Win32
		{09D542EF-C764-424B-AE94-4F8A7BF47CA0}.Release|ARM.ActiveCfg = Release|Win32
		{09D542EF-C764-424B-AE94-4F8A7BF47CA0}.Release|x64.ActiveCfg = Release|x64
		{09D542EF-C764-424B-AE94-4F8A7BF47CA0}.Release|x64.Build.0 = Release|x64
		{09D542EF-C764-424B-AE94-4F8A7BF47CA0}.Release|x86.ActiveCfg = Release|Win32
		{09D542EF-C764-424B-AE94-4F8A7BF47CA0}.Release|x86.Build.0 = Release|Win32
		{DF460EAB-570D-4B50-9089-2E2FC801BF38}.Debug|ARM.ActiveCfg = Debug|Win32
		{DF460EAB-570D-4B50-9089-2E2FC801BF38}.Debug|x64.ActiveCfg = Debug|x64
		{DF460EAB-570D-4B50-9089-2E2FC801BF38}.Debug|x64.Build.0 = Debug|x64
		{DF460EAB-570D-4B50-9089-2E2FC801BF38}.Debug|x86.ActiveCfg = Debug|Win32
		{DF460EAB-570D-4B50-9089-2E2FC801BF38}.Debug|x86.Build.0 = Debug|Win32
		{DF460EAB-570D-4B50-9089-2E2FC801BF38}.Profile|ARM.ActiveCfg = Profile|Win32
		{DF460EAB-570D-4B50-9089-2E2FC801BF38}.Profile|x64.ActiveCfg = Profile|x64
		{DF460EAB-570D-4B50-9089-2E2FC801BF38}.Profile|x64.Build.0 = Profile|x64
		{DF460EAB-570D-4B50-9089-2E2FC801BF38}.Profile|x86.ActiveCfg = Profile|Win32
		{DF460EAB-570D-4B50-9089-2E2FC801BF38}.Profile|x86.Build.0 = Profile|Win32
		{DF460EAB-570D-4B50-9089-2E2FC801BF38}.Release|ARM.ActiveCfg = Release|Win32
		{DF460EAB-570D-4B50-9089-2E2FC801BF38}.Release|x64.ActiveCfg = Release|x64
		{DF460EAB-570D-4B50-9089-2E2FC801BF38}.Release|x64.Build.0 = Release|x64
		{DF460EAB-570D-4B50-9089-2E2FC801BF38}.Release|x86.ActiveCfg = Release|Win32
		{DF460EAB-570D-4B50-9089-2E2FC801BF38}.Release|x86.Build.0 = Release|Win32
		{D349AA11-6688-451F-A5CD-42FBA3C79EE0}.Debug|ARM.ActiveCfg = Debug|Win32
		{D349AA11-6688-451F-A5CD-42FBA3C79EE0}.Debug|x64.ActiveCfg = Debug|x64
		{D349AA11-6688-451F-A5CD-42FBA3C79EE0}.Debug|x64.Build.0 = Debug|x64
		{D349AA11-6688-451F-A5CD-42FBA3C79EE0}.Debug|x86.ActiveCfg = Debug|Win32
		{D349AA11-6688-451F-A5CD-42FBA3C79EE0}.Debug|x86.Build.0 = Debug|Win32
		{D349AA11-6688-451F-A5CD-42FBA3C79EE0}.Profile|ARM.ActiveCfg = Release|x64
		{D349AA11-6688-451F-A5CD-42FBA3C79EE0}.Profile|ARM.Build.0 = Release|x64
		{D349AA11-6688-451F-A5CD-42FBA3C79EE0}.Profile|x64.ActiveCfg = Release|x64
		{D349AA11-6688-451F-A5CD-42FBA3C79EE0}.Profile|x64.Build.0 = Release|x64
		{D349AA11-6688-451F-A5CD-42FBA3C79EE0}.Profile|x86.ActiveCfg = Release|Win32
		{D349AA11-6688-451F-A5CD-42FBA3C79EE0}.Profile|x86.Build.0 = Release|Win32
		{D349AA11-6688-451F-A5CD-42FBA3C79EE0}.Release|ARM.ActiveCfg = Release|Win32
		{D349AA11-6688-451F-A5CD-42FBA3C79EE0}.Release|x64.ActiveCfg = Release|x64
		{D349AA11-6688-451F-A5CD-42FBA3C79EE0}.Release|x64.Build.0 = Release|x64
		{D349AA11-6688-451F-A5CD-42FBA3C79EE0}.Release|x86.ActiveCfg = Release|Win32
		{D349AA11-6688-451F-A5CD-42FBA3C79EE0}.Release|x86.Build.0 = Release|Win32
		{F3282336-4119-47A5-91D2-6CD02C7FA97D}.Debug|ARM.ActiveCfg = Debug|Win32
		{F3282336-4119-47A5-91D2-6CD02C7FA97D}.Debug|x64.ActiveCfg = Debug|x64
		{F3282336-4119-47A5-91D2-6CD02C7FA97D}.Debug|x64.Build.0 = Debug|x64
		{F3282336-4119-47A5-91D2-6CD02C7FA97D}.Debug|x86.ActiveCfg = Debug|Win32
		{F3282336-4119-47A5-91D2-6CD02C7FA97D}.Debug|x86.Build.0 = Debug|Win32
		{F3282336-4119-47A5-91D2-6CD02C7FA97D}.Profile|ARM.ActiveCfg = Release|x64
		{F3282336-4119-47A5-91D2-6CD02C7FA97D}.Profile|ARM.Build.0 = Release|x64
		{F3282336-4119-47A5-91D2-6CD02C7FA97D}.Profile|x64.ActiveCfg = Release|x64
		{F3282336-4119-47A5-91D2-6CD02C7FA97D}.Profile|x64.Build.0 = Release|x64
		{F3282336-4119-47A5-91D2-6CD02C7FA97D}.Profile|x86.ActiveCfg = Release|Win32
		{F3282336-4119-47A5-91D2-6CD02C7FA97D}.Profile|x86.Build.0 = Release|Win32
		{F3282336-4119-47A5-91D2-6CD02C7FA97D}.Release|ARM.ActiveCfg = Release|Win32
		{F3282336-4119-47A5-91D2-6CD02C7FA97D}.Release|x64.ActiveCfg = Release|x64
		{F3282336-4119-47A5-91D2-6CD02C7FA97D}.Release|x64.Build.0 = Release|x64
		{F3282336-4119-47A5-91D2-6CD02C7FA97D}.Release|x86.ActiveCfg = Release|Win32
		{F3282336-4119-47A5-91D2-6CD02C7FA97D}.Release|x86.Build.0 = Release|Win32
		{432F5FFD-1F24-4DBA-BA7A-3B76BBBA7D9A}.Debug|ARM.ActiveCfg = Debug|Win32
		{432F5FFD-1F24-4DBA-BA7A-3B76BBBA7D9A}.Debug|x64.ActiveCfg = Debug|x64
		{432F5FFD-1F24-4DBA-BA7A-3B76BBBA7D9A}.Debug|x64.Build.0 = Debug|x64
		{432F5FFD-1F24-4DBA-BA7A-3B76BBBA7D9A}.Debug|x86.ActiveCfg = Debug|Win32
		{432F5FFD-1F24-4DBA-BA7A-3B76BBBA7D9A}.Debug|x86.Build.0 = Debug|Win32
		{432F5FFD-1F24-4DBA-BA7A-3B76BBBA7D9A}.Profile|ARM.ActiveCfg = Release|x64
		{432F5FFD-1F24-4DBA-BA7A-3B76BBBA7D9A}.Profile|ARM.Build.0 = Release|x64
		{432F5FFD-1F24-4DBA-BA7A-3B76BBBA7D9A}.Profile|x64.ActiveCfg = Release|x64
		{432F5FFD-1F24-4DBA-BA7A-3B76BBBA7D9A}.Profile|x64.Build.0 = Release|x64
		{432F5FFD-1F24-4DBA-BA7A-3B76BBBA7D9A}.Profile|x86.ActiveCfg = Release|Win32
		{432F5FFD-1F24-4DBA-BA7A-3B76BBBA7D9A}.Profile|x86.Build.0 = Release|Win32
		{432F5FFD-1F24-4DBA-BA7A-3B76BBBA7D9A}.Release|ARM.ActiveCfg = Release|Win32
		{432F5FFD-1F24-4DBA-BA7A-3B76BBBA7D9A}.Release|x64.ActiveCfg = Release|x64
		{432F5FFD-1F24-4DBA-BA7A-3B76BBBA7D9A}.Release|x64.Build.0 = Release|x64
		{432F5FFD-1F24-4DBA-BA7A-3B76BBBA7D9A}.Release|x86.ActiveCfg = Release|Win32
		{432F5FFD-1F24-4DBA-BA7A-3B76BBBA7D9A}.Release|x86.Build.0 = Release|Win32
		{8D846B18-B22C-41AD-94F2-D6C3215ABB68}.Debug|ARM.ActiveCfg = Debug|Win32
		{8D846B18-B22C-41AD-94F2-D6C3215ABB68}.Debug|x64.ActiveCfg = Debug|x64
		{8D846B18-B22C-41AD-94F2-D6C3215ABB68}.Debug|x64.Build.0 = Debug|x64
		{8D846B18-B22C-41AD-94F2-D6C3215ABB68}.Debug|x86.ActiveCfg = Debug|Win32
		{8D846B18-B22C-41AD-94F2-D6C3215ABB68}.Debug|x86.Build.0 = Debug|Win32
		{8D846B18-B22C-41AD-94F2-D6C3215ABB68}.Profile|ARM.ActiveCfg = Release|x64
		{8D846B18-B22C-41AD-94F2-D6C3215ABB68}.Profile|ARM.Build.0 = Release|x64
		{8D846B18-B22C-41AD-94F2-D6C3215ABB68}.Profile|x64.ActiveCfg = Release|x64
		{8D846B18-B22C-41AD-94F2-D6C3215ABB68}.Profile|x64.Build.0 = Release|x64
		{8D846B18-B22C-41AD-94F2-D6C3215ABB68}.Profile|x86.ActiveCfg = Release|Win32
		{8D846B18-B22C-41AD-94F2-D6C3215ABB68}.Profile|x86.Build.0 = Release|Win32
		{8D846B18-B22C-41AD-94F2-D6C3215ABB68}.Release|ARM.ActiveCfg = Release|Win32
		{8D846B18-B22C-41AD-94F2-D6C3215ABB68}.Release|x64.ActiveCfg = Release|x64
		{8D846B18-B22C-41AD-94F2-D6C3215ABB68}.Release|x64.Build.0 = Release|x64
		{8D846B18-B22C-41AD-94F2-D6C3215ABB68}.Release|x86.ActiveCfg = Release|Win32
		{8D846B18-B22C-41AD-94F2-D6C3215ABB68}.Release|x86.Build.0 = Release|Win32
		{2895A0FF-1940-4D4A-AEAD-EF63EF08C9BC}.Debug|ARM.ActiveCfg = Debug|Win32
		{2895A0FF-1940-4D4A-AEAD-EF63EF08C9BC}.Debug|x64.ActiveCfg = Debug|x64
		{2895A0FF-1940-4D4A-AEAD-EF63EF08C9BC}.Debug|x64.Build.0 = Debug|x64
		{2895A0FF-1940-4D4A-AEAD-EF63EF08C9BC}.Debug|x86.ActiveCfg = Debug|Win32
		{2895A0FF-1940-4D4A-AEAD-EF63EF08C9BC}.Debug|x86.Build.0 = Debug|Win32
		{2895A0FF-1940-4D4A-AEAD-EF63EF08C9BC}.Profile|ARM.ActiveCfg = Release|x64
		{2895A0FF-1940-4D4A-AEAD-EF63EF08C9BC}.Profile|ARM.Build.0 = Release|x64
		{2895A0FF-1940-4D4A-AEAD-EF63EF08C9BC}.Profile|x64.ActiveCfg = Release|x64
		{2895A0FF-1940-4D4A-AEAD-EF63EF08C9BC}.Profile|x64.Build.0 = Release|x64
		{2895A0FF-1940-4D4A-AEAD-EF63EF08C9BC}.Profile|x86.ActiveCfg = Release|Win32
		{2895A0FF-1940-4D4A-AEAD-EF63EF08C9BC}.Profile|x86.Build.0 = Release|Win32
		{2895A0FF-1940-4D4A-AEAD-EF63EF08C9BC}.Release|ARM.ActiveCfg = Release|Win32
		{2895A0FF-1940-4D4A-AEAD-EF63EF08C9BC}.Release|x64.ActiveCfg = Release|x64
		{2895A0FF-1940-4D4A-AEAD-EF63EF08C9BC}.Release|x64.Build.0 = Release|x64
		{2895A0FF-1940-4D4A-AEAD-EF63EF08C9BC}.Release|x86.ActiveCfg = Release|Win32
		{2895A0FF-1940-4D4A-AEAD-EF63EF08C9BC}.Release|x86.Build.0 = Release|Win32
		{76DC68C1-08E0-4288-85FF-A4AD82A98AD2}.Debug|ARM.ActiveCfg = Debug|Win32
		{76DC68C1-08E0-4288-85FF-A4AD82A98AD2}.Debug|x64.ActiveCfg = Debug|x64
		{76DC68C1-08E0-4288-85FF-A4AD82A98AD2}.Debug|x64.Build.0 = Debug|x64
		{76DC68C1-08E0-4288-85FF-A4AD82A98AD2}.Debug|x86.ActiveCfg = Debug|Win32
		{76DC68C1-08E0-4288-85FF-A4AD82A98AD2}.Debug|x86.Build.0 = Debug|Win32
		{76DC68C1-08E0-4288-85FF-A4AD82A98AD2}.Profile|ARM.ActiveCfg = Release|x64
		{76DC68C1-08E0-4288-85FF-A4AD82A98AD2}.Profile|ARM.Build.0 = Release|x64
		{76DC68C1-08E0-4288-85FF-A4AD82A98AD2}.Profile|x64.ActiveCfg = Release|x64
		{76DC68C1-08E0-4288-85FF-A4AD82A98AD2}.Profile|x64.Build.0 = Release|x64
		{76DC68C1-08E0-4288-85FF-A4AD82A98AD2}.Profile|x86.ActiveCfg = Release|Win32
		{76DC68C1-08E0-4288-85FF-A4AD82A98AD2}.Profile|x86.Build.0 = Release|Win32
		{76DC68C1-08E0-4288-85FF-A4AD82A98AD2}.Release|ARM.ActiveCfg = Release|Win32
		{76DC68C1-08E0-4288-85FF-A4AD82A98AD2}.Release|x64.ActiveCfg = Release|x64
		{76DC68C1-08E0-4288-85FF-A4AD82A98AD2}.Release|x64.Build.0 = Release|x64
		{76DC68C1-08E0-4288-85FF-A4AD82A98AD2}.Release|x86.ActiveCfg = Release|Win32
		{76DC68C1-08E0-4288-85FF-A4AD82A98AD2}.Release|x86.Build.0 = Release|Win32
		{437F65A0-1EA1-4607-B250-729341EC8DCF}.Debug|ARM.ActiveCfg = Debug|Win32
		{437F65A0-1EA1-4607-B250-729341EC8DCF}.Debug|x64.ActiveCfg = Debug|x64
		{437F65A0-1EA1-4607-B250-729341EC8DCF}.Debug|x64.Build.0 = Debug|x64
		{437F65A0-1EA1-4607-B250-729341EC8DCF}.Debug|x86.ActiveCfg = Debug|Win32
		{437F65A0-1EA1-4607-B250-729341EC8DCF}.Debug|x86.Build.0 = Debug|Win32
		{437F65A0-1EA1-4607-B250-729341EC8DCF}.Profile|ARM.ActiveCfg = Release|x64
		{437F65A0-1EA1-4607-B250-729341EC8DCF}.Profile|ARM.Build.0 = Release|x64
		{437F65A0-1EA1-4607-B250-729341EC8DCF}.Profile|x64.ActiveCfg = Release|x64
		{437F65A0-1EA1-4607-B250-729341EC8DCF}.Profile|x64.Build.0 = Release|x64
		{437F65A0-1EA1-4607-B250-729341EC8DCF}.Profile|x86.ActiveCfg = Release|Win32
		{437F65A0-1EA1-4607-B250-729341EC8DCF}.Profile|x86.Build.0 = Release|Win32
		{437F65A0-1EA1-4607-B250-729341EC8DCF}.Release|ARM.ActiveCfg = Release|Win32
		{437F65A0-1EA1-4607-B250-729341EC8DCF}.Release|x64.ActiveCfg = Release|x64
		{437F65A0-1EA1-4607-B250-729341EC8DCF}.Release|x64.Build.0 = Release|x64
		{437F65A0-1EA1-4607-B250-729341EC8DCF}.Release|x86.ActiveCfg = Release|Win32
		{437F65A0-1EA1-4607-B250-729341EC8DCF}.Release|x86.Build.0 = Release|Win32
		{9DD43347-F1D2-401E-AC51-9A266266E645}.Debug|ARM.ActiveCfg = Debug|Win32
		{9DD43347-F1D2-401E-AC51-9A266266E645}.Debug|x64.ActiveCfg = Debug|x64
		{9DD43347-F1D2-401E-AC51-9A266266E645}.Debug|x64.Build.0 = Debug|x64
		{9DD43347-F1D2-401E-AC51-9A266266E645}.Debug|x86.ActiveCfg = Debug|Win32
		{9DD43347-F1D2-401E-AC51-9A266266E645}.Debug|x86.Build.0 = Debug|Win32
		{9DD43347-F1D2-401E-AC51-9A266266E645}.Profile|ARM.ActiveCfg = Release|x64
		{9DD43347-F1D2-401E-AC51-9A266266E645}.Profile|ARM.Build.0 = Release|x64
		{9DD43347-F1D2-401E-AC51-9A266266E645}.Profile|x64.ActiveCfg = Release|x64
		{9DD43347-F1D2-401E-AC51-9A266266E645}.Profile|x64.Build.0 = Release|x64
		{9DD43347-F1D2-401E-AC51-9A266266E645}.Profile|x86.ActiveCfg = Release|Win32
		{9DD43347-F1D2-401E-AC51-9A266266E645}.Profile|x86.Build.0 = Release|Win32
		{9DD43347-F1D2-401E-AC51-9A266266E645}.Release|ARM.ActiveCfg = Release|Win32
		{9DD43347-F1D2-401E-AC51-9A266266E645}.Release|x64.ActiveCfg = Release|x64
		{9DD43347-F1D2-401E-AC51-9A266266E645}.Release|x64.Build.0 = Release|x64
		{9DD43347-F1D2-401E-AC51-9A266266E645}.Release|x86.ActiveCfg = Release|Win32
		{9DD43347-F1D2-401E-AC51-9A266266E645}.Release|x86.Build.0 = Release|Win32
	EndGlobalSection
	GlobalSection(SolutionProperties) = preSolution
		HideSolutionNode = FALSE
	EndGlobalSection
EndGlobal
