
Microsoft Visual Studio Solution File, Format Version 12.00
# Visual Studio 14
VisualStudioVersion = 14.0.25420.1
MinimumVisualStudioVersion = 10.0.40219.1
Project("{8BC9CEB8-8B4A-11D0-8D11-00A0C91BC942}") = "DirectX12UWPBase", "DirectX12UWPBase\DirectX12UWPBase\DirectX12UWPBase.vcxproj", "{2B7A3A4F-B185-48FB-969F-EAEBB71A4C11}"
EndProject
Project("{8BC9CEB8-8B4A-11D0-8D11-00A0C91BC942}") = "DirectX12UWPCube", "DirectX12UWPCube\DirectX12UWPCube\DirectX12UWPCube.vcxproj", "{B92C88EE-781A-4327-88DA-0FBFACC33B43}"
EndProject
Project("{8BC9CEB8-8B4A-11D0-8D11-00A0C91BC942}") = "DirectX12UWPTexture", "DirectX12UWPTexture\DirectX12UWPTexture\DirectX12UWPTexture.vcxproj", "{EBC6F20D-2C91-4D09-8272-787AE8700E76}"
	ProjectSection(ProjectDependencies) = postProject
		{371B9FA9-4C90-4AC6-A123-ACED756D6C77} = {371B9FA9-4C90-4AC6-A123-ACED756D6C77}
	EndProjectSection
EndProject
Project("{8BC9CEB8-8B4A-11D0-8D11-00A0C91BC942}") = "DirectXTex", "DirectXTex-master\DirectXTex\DirectXTex_Desktop_2015_Win10.vcxproj", "{371B9FA9-4C90-4AC6-A123-ACED756D6C77}"
EndProject
Project("{8BC9CEB8-8B4A-11D0-8D11-00A0C91BC942}") = "DirectX12UWPLight", "DirectX12UWPLight\DirectX12UWPLight\DirectX12UWPLight.vcxproj", "{A9E06AC7-49C4-4B6C-9FFF-DCE3AD7EB251}"
	ProjectSection(ProjectDependencies) = postProject
		{371B9FA9-4C90-4AC6-A123-ACED756D6C77} = {371B9FA9-4C90-4AC6-A123-ACED756D6C77}
	EndProjectSection
EndProject
Project("{8BC9CEB8-8B4A-11D0-8D11-00A0C91BC942}") = "DirectX12UWPTwoGeometries", "DirectX12UWPTwoGeometries\DirectX12UWPTwoGeometries\DirectX12UWPTwoGeometries.vcxproj", "{9C1FBE6C-E2F2-46AB-BC72-75DCA345D388}"
	ProjectSection(ProjectDependencies) = postProject
		{371B9FA9-4C90-4AC6-A123-ACED756D6C77} = {371B9FA9-4C90-4AC6-A123-ACED756D6C77}
	EndProjectSection
EndProject
Project("{8BC9CEB8-8B4A-11D0-8D11-00A0C91BC942}") = "DirectX12UWPTwoTexture", "DirectX12UWPTwoTexture\DirectX12UWPTwoTexture\DirectX12UWPTwoTexture.vcxproj", "{3E7F66BE-CE05-4782-8C4C-95F0E5CC6FA5}"
	ProjectSection(ProjectDependencies) = postProject
		{371B9FA9-4C90-4AC6-A123-ACED756D6C77} = {371B9FA9-4C90-4AC6-A123-ACED756D6C77}
	EndProjectSection
EndProject
Global
	GlobalSection(SolutionConfigurationPlatforms) = preSolution
		Debug|ARM = Debug|ARM
		Debug|x64 = Debug|x64
		Debug|x86 = Debug|x86
		Profile|ARM = Profile|ARM
		Profile|x64 = Profile|x64
		Profile|x86 = Profile|x86
		Release|ARM = Release|ARM
		Release|x64 = Release|x64
		Release|x86 = Release|x86
	EndGlobalSection
	GlobalSection(ProjectConfigurationPlatforms) = postSolution
		{2B7A3A4F-B185-48FB-969F-EAEBB71A4C11}.Debug|ARM.ActiveCfg = Debug|ARM
		{2B7A3A4F-B185-48FB-969F-EAEBB71A4C11}.Debug|ARM.Build.0 = Debug|ARM
		{2B7A3A4F-B185-48FB-969F-EAEBB71A4C11}.Debug|ARM.Deploy.0 = Debug|ARM
		{2B7A3A4F-B185-48FB-969F-EAEBB71A4C11}.Debug|x64.ActiveCfg = Debug|x64
		{2B7A3A4F-B185-48FB-969F-EAEBB71A4C11}.Debug|x64.Build.0 = Debug|x64
		{2B7A3A4F-B185-48FB-969F-EAEBB71A4C11}.Debug|x64.Deploy.0 = Debug|x64
		{2B7A3A4F-B185-48FB-969F-EAEBB71A4C11}.Debug|x86.ActiveCfg = Debug|Win32
		{2B7A3A4F-B185-48FB-969F-EAEBB71A4C11}.Debug|x86.Build.0 = Debug|Win32
		{2B7A3A4F-B185-48FB-969F-EAEBB71A4C11}.Debug|x86.Deploy.0 = Debug|Win32
		{2B7A3A4F-B185-48FB-969F-EAEBB71A4C11}.Profile|ARM.ActiveCfg = Release|ARM
		{2B7A3A4F-B185-48FB-969F-EAEBB71A4C11}.Profile|ARM.Build.0 = Release|ARM
		{2B7A3A4F-B185-48FB-969F-EAEBB71A4C11}.Profile|ARM.Deploy.0 = Release|ARM
		{2B7A3A4F-B185-48FB-969F-EAEBB71A4C11}.Profile|x64.ActiveCfg = Release|x64
		{2B7A3A4F-B185-48FB-969F-EAEBB71A4C11}.Profile|x64.Build.0 = Release|x64
		{2B7A3A4F-B185-48FB-969F-EAEBB71A4C11}.Profile|x64.Deploy.0 = Release|x64
		{2B7A3A4F-B185-48FB-969F-EAEBB71A4C11}.Profile|x86.ActiveCfg = Release|Win32
		{2B7A3A4F-B185-48FB-969F-EAEBB71A4C11}.Profile|x86.Build.0 = Release|Win32
		{2B7A3A4F-B185-48FB-969F-EAEBB71A4C11}.Profile|x86.Deploy.0 = Release|Win32
		{2B7A3A4F-B185-48FB-969F-EAEBB71A4C11}.Release|ARM.ActiveCfg = Release|ARM
		{2B7A3A4F-B185-48FB-969F-EAEBB71A4C11}.Release|ARM.Build.0 = Release|ARM
		{2B7A3A4F-B185-48FB-969F-EAEBB71A4C11}.Release|ARM.Deploy.0 = Release|ARM
		{2B7A3A4F-B185-48FB-969F-EAEBB71A4C11}.Release|x64.ActiveCfg = Release|x64
		{2B7A3A4F-B185-48FB-969F-EAEBB71A4C11}.Release|x64.Build.0 = Release|x64
		{2B7A3A4F-B185-48FB-969F-EAEBB71A4C11}.Release|x64.Deploy.0 = Release|x64
		{2B7A3A4F-B185-48FB-969F-EAEBB71A4C11}.Release|x86.ActiveCfg = Release|Win32
		{2B7A3A4F-B185-48FB-969F-EAEBB71A4C11}.Release|x86.Build.0 = Release|Win32
		{2B7A3A4F-B185-48FB-969F-EAEBB71A4C11}.Release|x86.Deploy.0 = Release|Win32
		{B92C88EE-781A-4327-88DA-0FBFACC33B43}.Debug|ARM.ActiveCfg = Debug|ARM
		{B92C88EE-781A-4327-88DA-0FBFACC33B43}.Debug|ARM.Build.0 = Debug|ARM
		{B92C88EE-781A-4327-88DA-0FBFACC33B43}.Debug|ARM.Deploy.0 = Debug|ARM
		{B92C88EE-781A-4327-88DA-0FBFACC33B43}.Debug|x64.ActiveCfg = Debug|x64
		{B92C88EE-781A-4327-88DA-0FBFACC33B43}.Debug|x64.Build.0 = Debug|x64
		{B92C88EE-781A-4327-88DA-0FBFACC33B43}.Debug|x64.Deploy.0 = Debug|x64
		{B92C88EE-781A-4327-88DA-0FBFACC33B43}.Debug|x86.ActiveCfg = Debug|Win32
		{B92C88EE-781A-4327-88DA-0FBFACC33B43}.Debug|x86.Build.0 = Debug|Win32
		{B92C88EE-781A-4327-88DA-0FBFACC33B43}.Debug|x86.Deploy.0 = Debug|Win32
		{B92C88EE-781A-4327-88DA-0FBFACC33B43}.Profile|ARM.ActiveCfg = Release|ARM
		{B92C88EE-781A-4327-88DA-0FBFACC33B43}.Profile|ARM.Build.0 = Release|ARM
		{B92C88EE-781A-4327-88DA-0FBFACC33B43}.Profile|ARM.Deploy.0 = Release|ARM
		{B92C88EE-781A-4327-88DA-0FBFACC33B43}.Profile|x64.ActiveCfg = Release|x64
		{B92C88EE-781A-4327-88DA-0FBFACC33B43}.Profile|x64.Build.0 = Release|x64
		{B92C88EE-781A-4327-88DA-0FBFACC33B43}.Profile|x64.Deploy.0 = Release|x64
		{B92C88EE-781A-4327-88DA-0FBFACC33B43}.Profile|x86.ActiveCfg = Release|Win32
		{B92C88EE-781A-4327-88DA-0FBFACC33B43}.Profile|x86.Build.0 = Release|Win32
		{B92C88EE-781A-4327-88DA-0FBFACC33B43}.Profile|x86.Deploy.0 = Release|Win32
		{B92C88EE-781A-4327-88DA-0FBFACC33B43}.Release|ARM.ActiveCfg = Release|ARM
		{B92C88EE-781A-4327-88DA-0FBFACC33B43}.Release|ARM.Build.0 = Release|ARM
		{B92C88EE-781A-4327-88DA-0FBFACC33B43}.Release|ARM.Deploy.0 = Release|ARM
		{B92C88EE-781A-4327-88DA-0FBFACC33B43}.Release|x64.ActiveCfg = Release|x64
		{B92C88EE-781A-4327-88DA-0FBFACC33B43}.Release|x64.Build.0 = Release|x64
		{B92C88EE-781A-4327-88DA-0FBFACC33B43}.Release|x64.Deploy.0 = Release|x64
		{B92C88EE-781A-4327-88DA-0FBFACC33B43}.Release|x86.ActiveCfg = Release|Win32
		{B92C88EE-781A-4327-88DA-0FBFACC33B43}.Release|x86.Build.0 = Release|Win32
		{B92C88EE-781A-4327-88DA-0FBFACC33B43}.Release|x86.Deploy.0 = Release|Win32
		{EBC6F20D-2C91-4D09-8272-787AE8700E76}.Debug|ARM.ActiveCfg = Debug|ARM
		{EBC6F20D-2C91-4D09-8272-787AE8700E76}.Debug|ARM.Build.0 = Debug|ARM
		{EBC6F20D-2C91-4D09-8272-787AE8700E76}.Debug|ARM.Deploy.0 = Debug|ARM
		{EBC6F20D-2C91-4D09-8272-787AE8700E76}.Debug|x64.ActiveCfg = Debug|x64
		{EBC6F20D-2C91-4D09-8272-787AE8700E76}.Debug|x64.Build.0 = Debug|x64
		{EBC6F20D-2C91-4D09-8272-787AE8700E76}.Debug|x64.Deploy.0 = Debug|x64
		{EBC6F20D-2C91-4D09-8272-787AE8700E76}.Debug|x86.ActiveCfg = Debug|Win32
		{EBC6F20D-2C91-4D09-8272-787AE8700E76}.Debug|x86.Build.0 = Debug|Win32
		{EBC6F20D-2C91-4D09-8272-787AE8700E76}.Debug|x86.Deploy.0 = Debug|Win32
		{EBC6F20D-2C91-4D09-8272-787AE8700E76}.Profile|ARM.ActiveCfg = Release|ARM
		{EBC6F20D-2C91-4D09-8272-787AE8700E76}.Profile|ARM.Build.0 = Release|ARM
		{EBC6F20D-2C91-4D09-8272-787AE8700E76}.Profile|ARM.Deploy.0 = Release|ARM
		{EBC6F20D-2C91-4D09-8272-787AE8700E76}.Profile|x64.ActiveCfg = Release|x64
		{EBC6F20D-2C91-4D09-8272-787AE8700E76}.Profile|x64.Build.0 = Release|x64
		{EBC6F20D-2C91-4D09-8272-787AE8700E76}.Profile|x64.Deploy.0 = Release|x64
		{EBC6F20D-2C91-4D09-8272-787AE8700E76}.Profile|x86.ActiveCfg = Release|Win32
		{EBC6F20D-2C91-4D09-8272-787AE8700E76}.Profile|x86.Build.0 = Release|Win32
		{EBC6F20D-2C91-4D09-8272-787AE8700E76}.Profile|x86.Deploy.0 = Release|Win32
		{EBC6F20D-2C91-4D09-8272-787AE8700E76}.Release|ARM.ActiveCfg = Release|ARM
		{EBC6F20D-2C91-4D09-8272-787AE8700E76}.Release|ARM.Build.0 = Release|ARM
		{EBC6F20D-2C91-4D09-8272-787AE8700E76}.Release|ARM.Deploy.0 = Release|ARM
		{EBC6F20D-2C91-4D09-8272-787AE8700E76}.Release|x64.ActiveCfg = Release|x64
		{EBC6F20D-2C91-4D09-8272-787AE8700E76}.Release|x64.Build.0 = Release|x64
		{EBC6F20D-2C91-4D09-8272-787AE8700E76}.Release|x64.Deploy.0 = Release|x64
		{EBC6F20D-2C91-4D09-8272-787AE8700E76}.Release|x86.ActiveCfg = Release|Win32
		{EBC6F20D-2C91-4D09-8272-787AE8700E76}.Release|x86.Build.0 = Release|Win32
		{EBC6F20D-2C91-4D09-8272-787AE8700E76}.Release|x86.Deploy.0 = Release|Win32
		{371B9FA9-4C90-4AC6-A123-ACED756D6C77}.Debug|ARM.ActiveCfg = Debug|Win32
		{371B9FA9-4C90-4AC6-A123-ACED756D6C77}.Debug|x64.ActiveCfg = Debug|x64
		{371B9FA9-4C90-4AC6-A123-ACED756D6C77}.Debug|x64.Build.0 = Debug|x64
		{371B9FA9-4C90-4AC6-A123-ACED756D6C77}.Debug|x86.ActiveCfg = Debug|Win32
		{371B9FA9-4C90-4AC6-A123-ACED756D6C77}.Debug|x86.Build.0 = Debug|Win32
		{371B9FA9-4C90-4AC6-A123-ACED756D6C77}.Profile|ARM.ActiveCfg = Profile|Win32
		{371B9FA9-4C90-4AC6-A123-ACED756D6C77}.Profile|x64.ActiveCfg = Profile|x64
		{371B9FA9-4C90-4AC6-A123-ACED756D6C77}.Profile|x64.Build.0 = Profile|x64
		{371B9FA9-4C90-4AC6-A123-ACED756D6C77}.Profile|x86.ActiveCfg = Profile|Win32
		{371B9FA9-4C90-4AC6-A123-ACED756D6C77}.Profile|x86.Build.0 = Profile|Win32
		{371B9FA9-4C90-4AC6-A123-ACED756D6C77}.Release|ARM.ActiveCfg = Release|Win32
		{371B9FA9-4C90-4AC6-A123-ACED756D6C77}.Release|x64.ActiveCfg = Release|x64
		{371B9FA9-4C90-4AC6-A123-ACED756D6C77}.Release|x64.Build.0 = Release|x64
		{371B9FA9-4C90-4AC6-A123-ACED756D6C77}.Release|x86.ActiveCfg = Release|Win32
		{371B9FA9-4C90-4AC6-A123-ACED756D6C77}.Release|x86.Build.0 = Release|Win32
		{A9E06AC7-49C4-4B6C-9FFF-DCE3AD7EB251}.Debug|ARM.ActiveCfg = Debug|ARM
		{A9E06AC7-49C4-4B6C-9FFF-DCE3AD7EB251}.Debug|ARM.Build.0 = Debug|ARM
		{A9E06AC7-49C4-4B6C-9FFF-DCE3AD7EB251}.Debug|ARM.Deploy.0 = Debug|ARM
		{A9E06AC7-49C4-4B6C-9FFF-DCE3AD7EB251}.Debug|x64.ActiveCfg = Debug|x64
		{A9E06AC7-49C4-4B6C-9FFF-DCE3AD7EB251}.Debug|x64.Build.0 = Debug|x64
		{A9E06AC7-49C4-4B6C-9FFF-DCE3AD7EB251}.Debug|x64.Deploy.0 = Debug|x64
		{A9E06AC7-49C4-4B6C-9FFF-DCE3AD7EB251}.Debug|x86.ActiveCfg = Debug|Win32
		{A9E06AC7-49C4-4B6C-9FFF-DCE3AD7EB251}.Debug|x86.Build.0 = Debug|Win32
		{A9E06AC7-49C4-4B6C-9FFF-DCE3AD7EB251}.Debug|x86.Deploy.0 = Debug|Win32
		{A9E06AC7-49C4-4B6C-9FFF-DCE3AD7EB251}.Profile|ARM.ActiveCfg = Release|ARM
		{A9E06AC7-49C4-4B6C-9FFF-DCE3AD7EB251}.Profile|ARM.Build.0 = Release|ARM
		{A9E06AC7-49C4-4B6C-9FFF-DCE3AD7EB251}.Profile|ARM.Deploy.0 = Release|ARM
		{A9E06AC7-49C4-4B6C-9FFF-DCE3AD7EB251}.Profile|x64.ActiveCfg = Release|x64
		{A9E06AC7-49C4-4B6C-9FFF-DCE3AD7EB251}.Profile|x64.Build.0 = Release|x64
		{A9E06AC7-49C4-4B6C-9FFF-DCE3AD7EB251}.Profile|x64.Deploy.0 = Release|x64
		{A9E06AC7-49C4-4B6C-9FFF-DCE3AD7EB251}.Profile|x86.ActiveCfg = Release|Win32
		{A9E06AC7-49C4-4B6C-9FFF-DCE3AD7EB251}.Profile|x86.Build.0 = Release|Win32
		{A9E06AC7-49C4-4B6C-9FFF-DCE3AD7EB251}.Profile|x86.Deploy.0 = Release|Win32
		{A9E06AC7-49C4-4B6C-9FFF-DCE3AD7EB251}.Release|ARM.ActiveCfg = Release|ARM
		{A9E06AC7-49C4-4B6C-9FFF-DCE3AD7EB251}.Release|ARM.Build.0 = Release|ARM
		{A9E06AC7-49C4-4B6C-9FFF-DCE3AD7EB251}.Release|ARM.Deploy.0 = Release|ARM
		{A9E06AC7-49C4-4B6C-9FFF-DCE3AD7EB251}.Release|x64.ActiveCfg = Release|x64
		{A9E06AC7-49C4-4B6C-9FFF-DCE3AD7EB251}.Release|x64.Build.0 = Release|x64
		{A9E06AC7-49C4-4B6C-9FFF-DCE3AD7EB251}.Release|x64.Deploy.0 = Release|x64
		{A9E06AC7-49C4-4B6C-9FFF-DCE3AD7EB251}.Release|x86.ActiveCfg = Release|Win32
		{A9E06AC7-49C4-4B6C-9FFF-DCE3AD7EB251}.Release|x86.Build.0 = Release|Win32
		{A9E06AC7-49C4-4B6C-9FFF-DCE3AD7EB251}.Release|x86.Deploy.0 = Release|Win32
		{9C1FBE6C-E2F2-46AB-BC72-75DCA345D388}.Debug|ARM.ActiveCfg = Debug|ARM
		{9C1FBE6C-E2F2-46AB-BC72-75DCA345D388}.Debug|ARM.Build.0 = Debug|ARM
		{9C1FBE6C-E2F2-46AB-BC72-75DCA345D388}.Debug|ARM.Deploy.0 = Debug|ARM
		{9C1FBE6C-E2F2-46AB-BC72-75DCA345D388}.Debug|x64.ActiveCfg = Debug|x64
		{9C1FBE6C-E2F2-46AB-BC72-75DCA345D388}.Debug|x64.Build.0 = Debug|x64
		{9C1FBE6C-E2F2-46AB-BC72-75DCA345D388}.Debug|x64.Deploy.0 = Debug|x64
		{9C1FBE6C-E2F2-46AB-BC72-75DCA345D388}.Debug|x86.ActiveCfg = Debug|Win32
		{9C1FBE6C-E2F2-46AB-BC72-75DCA345D388}.Debug|x86.Build.0 = Debug|Win32
		{9C1FBE6C-E2F2-46AB-BC72-75DCA345D388}.Debug|x86.Deploy.0 = Debug|Win32
		{9C1FBE6C-E2F2-46AB-BC72-75DCA345D388}.Profile|ARM.ActiveCfg = Release|ARM
		{9C1FBE6C-E2F2-46AB-BC72-75DCA345D388}.Profile|ARM.Build.0 = Release|ARM
		{9C1FBE6C-E2F2-46AB-BC72-75DCA345D388}.Profile|ARM.Deploy.0 = Release|ARM
		{9C1FBE6C-E2F2-46AB-BC72-75DCA345D388}.Profile|x64.ActiveCfg = Release|x64
		{9C1FBE6C-E2F2-46AB-BC72-75DCA345D388}.Profile|x64.Build.0 = Release|x64
		{9C1FBE6C-E2F2-46AB-BC72-75DCA345D388}.Profile|x64.Deploy.0 = Release|x64
		{9C1FBE6C-E2F2-46AB-BC72-75DCA345D388}.Profile|x86.ActiveCfg = Release|Win32
		{9C1FBE6C-E2F2-46AB-BC72-75DCA345D388}.Profile|x86.Build.0 = Release|Win32
		{9C1FBE6C-E2F2-46AB-BC72-75DCA345D388}.Profile|x86.Deploy.0 = Release|Win32
		{9C1FBE6C-E2F2-46AB-BC72-75DCA345D388}.Release|ARM.ActiveCfg = Release|ARM
		{9C1FBE6C-E2F2-46AB-BC72-75DCA345D388}.Release|ARM.Build.0 = Release|ARM
		{9C1FBE6C-E2F2-46AB-BC72-75DCA345D388}.Release|ARM.Deploy.0 = Release|ARM
		{9C1FBE6C-E2F2-46AB-BC72-75DCA345D388}.Release|x64.ActiveCfg = Release|x64
		{9C1FBE6C-E2F2-46AB-BC72-75DCA345D388}.Release|x64.Build.0 = Release|x64
		{9C1FBE6C-E2F2-46AB-BC72-75DCA345D388}.Release|x64.Deploy.0 = Release|x64
		{9C1FBE6C-E2F2-46AB-BC72-75DCA345D388}.Release|x86.ActiveCfg = Release|Win32
		{9C1FBE6C-E2F2-46AB-BC72-75DCA345D388}.Release|x86.Build.0 = Release|Win32
		{9C1FBE6C-E2F2-46AB-BC72-75DCA345D388}.Release|x86.Deploy.0 = Release|Win32
		{3E7F66BE-CE05-4782-8C4C-95F0E5CC6FA5}.Debug|ARM.ActiveCfg = Debug|ARM
		{3E7F66BE-CE05-4782-8C4C-95F0E5CC6FA5}.Debug|ARM.Build.0 = Debug|ARM
		{3E7F66BE-CE05-4782-8C4C-95F0E5CC6FA5}.Debug|ARM.Deploy.0 = Debug|ARM
		{3E7F66BE-CE05-4782-8C4C-95F0E5CC6FA5}.Debug|x64.ActiveCfg = Debug|x64
		{3E7F66BE-CE05-4782-8C4C-95F0E5CC6FA5}.Debug|x64.Build.0 = Debug|x64
		{3E7F66BE-CE05-4782-8C4C-95F0E5CC6FA5}.Debug|x64.Deploy.0 = Debug|x64
		{3E7F66BE-CE05-4782-8C4C-95F0E5CC6FA5}.Debug|x86.ActiveCfg = Debug|Win32
		{3E7F66BE-CE05-4782-8C4C-95F0E5CC6FA5}.Debug|x86.Build.0 = Debug|Win32
		{3E7F66BE-CE05-4782-8C4C-95F0E5CC6FA5}.Debug|x86.Deploy.0 = Debug|Win32
		{3E7F66BE-CE05-4782-8C4C-95F0E5CC6FA5}.Profile|ARM.ActiveCfg = Release|ARM
		{3E7F66BE-CE05-4782-8C4C-95F0E5CC6FA5}.Profile|ARM.Build.0 = Release|ARM
		{3E7F66BE-CE05-4782-8C4C-95F0E5CC6FA5}.Profile|ARM.Deploy.0 = Release|ARM
		{3E7F66BE-CE05-4782-8C4C-95F0E5CC6FA5}.Profile|x64.ActiveCfg = Release|x64
		{3E7F66BE-CE05-4782-8C4C-95F0E5CC6FA5}.Profile|x64.Build.0 = Release|x64
		{3E7F66BE-CE05-4782-8C4C-95F0E5CC6FA5}.Profile|x64.Deploy.0 = Release|x64
		{3E7F66BE-CE05-4782-8C4C-95F0E5CC6FA5}.Profile|x86.ActiveCfg = Release|Win32
		{3E7F66BE-CE05-4782-8C4C-95F0E5CC6FA5}.Profile|x86.Build.0 = Release|Win32
		{3E7F66BE-CE05-4782-8C4C-95F0E5CC6FA5}.Profile|x86.Deploy.0 = Release|Win32
		{3E7F66BE-CE05-4782-8C4C-95F0E5CC6FA5}.Release|ARM.ActiveCfg = Release|ARM
		{3E7F66BE-CE05-4782-8C4C-95F0E5CC6FA5}.Release|ARM.Build.0 = Release|ARM
		{3E7F66BE-CE05-4782-8C4C-95F0E5CC6FA5}.Release|ARM.Deploy.0 = Release|ARM
		{3E7F66BE-CE05-4782-8C4C-95F0E5CC6FA5}.Release|x64.ActiveCfg = Release|x64
		{3E7F66BE-CE05-4782-8C4C-95F0E5CC6FA5}.Release|x64.Build.0 = Release|x64
		{3E7F66BE-CE05-4782-8C4C-95F0E5CC6FA5}.Release|x64.Deploy.0 = Release|x64
		{3E7F66BE-CE05-4782-8C4C-95F0E5CC6FA5}.Release|x86.ActiveCfg = Release|Win32
		{3E7F66BE-CE05-4782-8C4C-95F0E5CC6FA5}.Release|x86.Build.0 = Release|Win32
		{3E7F66BE-CE05-4782-8C4C-95F0E5CC6FA5}.Release|x86.Deploy.0 = Release|Win32
	EndGlobalSection
	GlobalSection(SolutionProperties) = preSolution
		HideSolutionNode = FALSE
	EndGlobalSection
EndGlobal
