
Microsoft Visual Studio Solution File, Format Version 12.00
# Visual Studio 14
VisualStudioVersion = 14.0.25420.1
MinimumVisualStudioVersion = 10.0.40219.1
Project("{8BC9CEB8-8B4A-11D0-8D11-00A0C91BC942}") = "DirectX12UWPBase", "DirectX12UWPBase\DirectX12UWPBase\DirectX12UWPBase.vcxproj", "{2B7A3A4F-B185-48FB-969F-EAEBB71A4C11}"
EndProject
Project("{8BC9CEB8-8B4A-11D0-8D11-00A0C91BC942}") = "DirectX12UWPCube", "DirectX12UWPCube\DirectX12UWPCube\DirectX12UWPCube.vcxproj", "{B92C88EE-781A-4327-88DA-0FBFACC33B43}"
EndProject
Project("{8BC9CEB8-8B4A-11D0-8D11-00A0C91BC942}") = "DirectX12UWPTexture", "DirectX12UWPTexture\DirectX12UWPTexture\DirectX12UWPTexture.vcxproj", "{EBC6F20D-2C91-4D09-8272-787AE8700E76}"
	ProjectSection(ProjectDependencies) = postProject
		{371B9FA9-4C90-4AC6-A123-ACED756D6C77} = {371B9FA9-4C90-4AC6-A123-ACED756D6C77}
	EndProjectSection
EndProject
Project("{8BC9CEB8-8B4A-11D0-8D11-00A0C91BC942}") = "DirectXTex", "DirectXTex-master\DirectXTex\DirectXTex_Desktop_2015_Win10.vcxproj", "{371B9FA9-4C90-4AC6-A123-ACED756D6C77}"
EndProject
Project("{8BC9CEB8-8B4A-11D0-8D11-00A0C91BC942}") = "DirectX12UWPLight", "DirectX12UWPLight\DirectX12UWPLight\DirectX12UWPLight.vcxproj", "{A9E06AC7-49C4-4B6C-9FFF-DCE3AD7EB251}"
	ProjectSection(ProjectDependencies) = postProject
		{371B9FA9-4C90-4AC6-A123-ACED756D6C77} = {371B9FA9-4C90-4AC6-A123-ACED756D6C77}
	EndProjectSection
EndProject
Project("{8BC9CEB8-8B4A-11D0-8D11-00A0C91BC942}") = "DirectX12UWPTwoGeometries", "DirectX12UWPTwoGeometries\DirectX12UWPTwoGeometries\DirectX12UWPTwoGeometries.vcxproj", "{9C1FBE6C-E2F2-46AB-BC72-75DCA345D388}"
	ProjectSection(ProjectDependencies) = postProject
		{371B9FA9-4C90-4AC6-A123-ACED756D6C77} = {371B9FA9-4C90-4AC6-A123-ACED756D6C77}
	EndProjectSection
EndProject
Project("{8BC9CEB8-8B4A-11D0-8D11-00A0C91BC942}") = "DirectX12UWPTwoTexture", "DirectX12UWPTwoTexture\DirectX12UWPTwoTexture\DirectX12UWPTwoTexture.vcxproj", "{3E7F66BE-CE05-4782-8C4C-95F0E5CC6FA5}"
	ProjectSection(ProjectDependencies) = postProject
		{371B9FA9-4C90-4AC6-A123-ACED756D6C77} = {371B9FA9-4C90-4AC6-A123-ACED756D6C77}
	EndProjectSection
EndProject
Project("{8BC9CEB8-8B4A-11D0-8D11-00A0C91BC942}") = "DirectX12UWPTwoPipelineState", "DirectX12UWPTwoPipelineState\DirectX12UWPTwoPipelineState\DirectX12UWPTwoPipelineState.vcxproj", "{735C2CEF-83E9-4EA7-81C8-A45367316449}"
	ProjectSection(ProjectDependencies) = postProject
		{371B9FA9-4C90-4AC6-A123-ACED756D6C77} = {371B9FA9-4C90-4AC6-A123-ACED756D6C77}
	EndProjectSection
EndProject
Project("{8BC9CEB8-8B4A-11D0-8D11-00A0C91BC942}") = "DirectX12XAMLBase", "DirectX12XAMLBase\DirectX12XAMLBase\DirectX12XAMLBase.vcxproj", "{528CF7A4-D0EB-4059-BA58-05E52F1F0E7D}"
EndProject
Project("{8BC9CEB8-8B4A-11D0-8D11-00A0C91BC942}") = "DirectX12XAMLCube", "DirectX12XAMLCube\DirectX12XAMLCube\DirectX12XAMLCube.vcxproj", "{8B3FE997-6B3F-4067-8562-997560A427F2}"
EndProject
Project("{8BC9CEB8-8B4A-11D0-8D11-00A0C91BC942}") = "DirectX12XamlGeometries", "DirectX12XamlGeometries\DirectX12XamlGeometries\DirectX12XamlGeometries.vcxproj", "{966CE2A0-0F28-4FBC-B9BF-F93C05F27AD0}"
	ProjectSection(ProjectDependencies) = postProject
		{371B9FA9-4C90-4AC6-A123-ACED756D6C77} = {371B9FA9-4C90-4AC6-A123-ACED756D6C77}
	EndProjectSection
EndProject
Project("{8BC9CEB8-8B4A-11D0-8D11-00A0C91BC942}") = "DirectX12XAMLTranslucent", "DirectX12XAMLTranslucent\DirectX12XAMLTranslucent\DirectX12XAMLTranslucent.vcxproj", "{2F28DB28-8C92-40EC-A5FB-2AC5A13B882A}"
	ProjectSection(ProjectDependencies) = postProject
		{371B9FA9-4C90-4AC6-A123-ACED756D6C77} = {371B9FA9-4C90-4AC6-A123-ACED756D6C77}
	EndProjectSection
EndProject
Project("{8BC9CEB8-8B4A-11D0-8D11-00A0C91BC942}") = "DirectX12XAMLTwoLayerTexture", "DirectX12XAMLTwoLayerTexture\DirectX12XAMLTwoLayerTexture\DirectX12XAMLTwoLayerTexture.vcxproj", "{A7DFBD69-6CB7-460E-988C-7024783CF4F4}"
	ProjectSection(ProjectDependencies) = postProject
		{371B9FA9-4C90-4AC6-A123-ACED756D6C77} = {371B9FA9-4C90-4AC6-A123-ACED756D6C77}
	EndProjectSection
EndProject
Project("{8BC9CEB8-8B4A-11D0-8D11-00A0C91BC942}") = "DirectX12XAMLCubeMap", "DirectX12XAMLCubeMap\DirectX12XAMLCubeMap\DirectX12XAMLCubeMap.vcxproj", "{0912DE3E-E680-44A8-9FBE-69D2D38CE06F}"
	ProjectSection(ProjectDependencies) = postProject
		{371B9FA9-4C90-4AC6-A123-ACED756D6C77} = {371B9FA9-4C90-4AC6-A123-ACED756D6C77}
	EndProjectSection
EndProject
Project("{8BC9CEB8-8B4A-11D0-8D11-00A0C91BC942}") = "DirectX12XAMLNormalMap", "DirectX12XAMLNormalMap\DirectX12XAMLNormalMap\DirectX12XAMLNormalMap.vcxproj", "{DAA7F5BD-252D-4853-A460-68EA7CA8DD09}"
	ProjectSection(ProjectDependencies) = postProject
		{371B9FA9-4C90-4AC6-A123-ACED756D6C77} = {371B9FA9-4C90-4AC6-A123-ACED756D6C77}
	EndProjectSection
EndProject
Project("{8BC9CEB8-8B4A-11D0-8D11-00A0C91BC942}") = "DirectX12XAMLGeometry Shader", "DirectX12XAMLGeometry Shader\DirectX12XAMLGeometry Shader\DirectX12XAMLGeometry Shader.vcxproj", "{F1FE3984-96A4-48C3-BE37-915FAECC88B9}"
	ProjectSection(ProjectDependencies) = postProject
		{371B9FA9-4C90-4AC6-A123-ACED756D6C77} = {371B9FA9-4C90-4AC6-A123-ACED756D6C77}
	EndProjectSection
EndProject
Project("{8BC9CEB8-8B4A-11D0-8D11-00A0C91BC942}") = "DirectX12UWPTessellation", "DirectX12UWPTessellation\DirectX12UWPTessellation\DirectX12UWPTessellation.vcxproj", "{2497F9BA-4703-4100-932B-84CDF58745DB}"
EndProject
Project("{8BC9CEB8-8B4A-11D0-8D11-00A0C91BC942}") = "DirectX12ColladaDaeBase", "DirectX12ColladaDaeBase\DirectX12ColladaDaeBase\DirectX12ColladaDaeBase.vcxproj", "{147EA89D-47B5-4390-82BA-BC215E07DD4C}"
	ProjectSection(ProjectDependencies) = postProject
		{371B9FA9-4C90-4AC6-A123-ACED756D6C77} = {371B9FA9-4C90-4AC6-A123-ACED756D6C77}
	EndProjectSection
EndProject
Project("{8BC9CEB8-8B4A-11D0-8D11-00A0C91BC942}") = "DirectX12ColladaDaeMultipleMesh", "DirectX12ColladaDaeMultipleMesh\DirectX12ColladaDaeMultipleMesh\DirectX12ColladaDaeMultipleMesh.vcxproj", "{47E48D1B-4730-457C-AF88-7B3291E5797D}"
	ProjectSection(ProjectDependencies) = postProject
		{371B9FA9-4C90-4AC6-A123-ACED756D6C77} = {371B9FA9-4C90-4AC6-A123-ACED756D6C77}
	EndProjectSection
EndProject
Project("{8BC9CEB8-8B4A-11D0-8D11-00A0C91BC942}") = "DirectX12XAMLAlphaBlend", "DirectX12XAMLAlphaBlend\DirectX12XAMLAlphaBlend\DirectX12XAMLAlphaBlend.vcxproj", "{443FC2CA-AF52-494D-A511-272D83D66005}"
	ProjectSection(ProjectDependencies) = postProject
		{371B9FA9-4C90-4AC6-A123-ACED756D6C77} = {371B9FA9-4C90-4AC6-A123-ACED756D6C77}
	EndProjectSection
EndProject
Project("{8BC9CEB8-8B4A-11D0-8D11-00A0C91BC942}") = "DirectX12FbxBase", "DirectX12FbxBase\DirectX12FbxBase\DirectX12FbxBase.vcxproj", "{719469CD-C8E0-4AB7-8938-330A1F38A0C4}"
	ProjectSection(ProjectDependencies) = postProject
		{371B9FA9-4C90-4AC6-A123-ACED756D6C77} = {371B9FA9-4C90-4AC6-A123-ACED756D6C77}
	EndProjectSection
EndProject
Project("{8BC9CEB8-8B4A-11D0-8D11-00A0C91BC942}") = "DirectX12XamlPNTriangles", "DirectX12XamlPNTriangles\DirectX12XamlPNTriangles\DirectX12XamlPNTriangles.vcxproj", "{D3132315-EA08-45A6-9CB2-3EF0EA9C9AA5}"
	ProjectSection(ProjectDependencies) = postProject
		{371B9FA9-4C90-4AC6-A123-ACED756D6C77} = {371B9FA9-4C90-4AC6-A123-ACED756D6C77}
	EndProjectSection
EndProject
Project("{8BC9CEB8-8B4A-11D0-8D11-00A0C91BC942}") = "DirectX12XAMLDisplacementMap", "DirectX12XAMLDisplacementMap\DirectX12XAMLDisplacementMap\DirectX12XAMLDisplacementMap.vcxproj", "{2D8F0FB0-2D25-484C-AFD9-F31C98A94E25}"
	ProjectSection(ProjectDependencies) = postProject
		{371B9FA9-4C90-4AC6-A123-ACED756D6C77} = {371B9FA9-4C90-4AC6-A123-ACED756D6C77}
	EndProjectSection
EndProject
Project("{8BC9CEB8-8B4A-11D0-8D11-00A0C91BC942}") = "DiretctX12IndirectComputeShader", "DiretctX12IndirectComputeShader\DiretctX12IndirectComputeShader\DiretctX12IndirectComputeShader.vcxproj", "{675C0607-DD83-45F6-A2FE-29B28B53B39F}"
	ProjectSection(ProjectDependencies) = postProject
		{371B9FA9-4C90-4AC6-A123-ACED756D6C77} = {371B9FA9-4C90-4AC6-A123-ACED756D6C77}
	EndProjectSection
EndProject
Project("{8BC9CEB8-8B4A-11D0-8D11-00A0C91BC942}") = "DirectX12XAMLPostProcessGray", "DirectX12XAMLPostProcessGray\DirectX12XAMLPostProcessGray\DirectX12XAMLPostProcessGray.vcxproj", "{272EF9D8-9362-4A18-B0AE-D5230C5D2067}"
	ProjectSection(ProjectDependencies) = postProject
		{371B9FA9-4C90-4AC6-A123-ACED756D6C77} = {371B9FA9-4C90-4AC6-A123-ACED756D6C77}
	EndProjectSection
EndProject
Project("{8BC9CEB8-8B4A-11D0-8D11-00A0C91BC942}") = "DirectX12XAMLXAudio2", "DirectX12XAMLXAudio2\DirectX12XAMLXAudio2\DirectX12XAMLXAudio2.vcxproj", "{6840A6EB-8578-4096-8C70-2EB6089D000E}"
	ProjectSection(ProjectDependencies) = postProject
		{371B9FA9-4C90-4AC6-A123-ACED756D6C77} = {371B9FA9-4C90-4AC6-A123-ACED756D6C77}
	EndProjectSection
EndProject
Project("{8BC9CEB8-8B4A-11D0-8D11-00A0C91BC942}") = "DirectX12XAMLStreamXAudio2", "DirectX12XAMLStreamXAudio2\DirectX12XAMLStreamXAudio2\DirectX12XAMLStreamXAudio2.vcxproj", "{08D5AE1E-D0AC-4BE7-B9A7-BAE9FF8F1772}"
EndProject
Global
	GlobalSection(SolutionConfigurationPlatforms) = preSolution
		Debug|ARM = Debug|ARM
		Debug|x64 = Debug|x64
		Debug|x86 = Debug|x86
		Profile|ARM = Profile|ARM
		Profile|x64 = Profile|x64
		Profile|x86 = Profile|x86
		Release|ARM = Release|ARM
		Release|x64 = Release|x64
		Release|x86 = Release|x86
	EndGlobalSection
	GlobalSection(ProjectConfigurationPlatforms) = postSolution
		{2B7A3A4F-B185-48FB-969F-EAEBB71A4C11}.Debug|ARM.ActiveCfg = Debug|ARM
		{2B7A3A4F-B185-48FB-969F-EAEBB71A4C11}.Debug|ARM.Build.0 = Debug|ARM
		{2B7A3A4F-B185-48FB-969F-EAEBB71A4C11}.Debug|ARM.Deploy.0 = Debug|ARM
		{2B7A3A4F-B185-48FB-969F-EAEBB71A4C11}.Debug|x64.ActiveCfg = Debug|x64
		{2B7A3A4F-B185-48FB-969F-EAEBB71A4C11}.Debug|x64.Build.0 = Debug|x64
		{2B7A3A4F-B185-48FB-969F-EAEBB71A4C11}.Debug|x64.Deploy.0 = Debug|x64
		{2B7A3A4F-B185-48FB-969F-EAEBB71A4C11}.Debug|x86.ActiveCfg = Debug|Win32
		{2B7A3A4F-B185-48FB-969F-EAEBB71A4C11}.Debug|x86.Build.0 = Debug|Win32
		{2B7A3A4F-B185-48FB-969F-EAEBB71A4C11}.Debug|x86.Deploy.0 = Debug|Win32
		{2B7A3A4F-B185-48FB-969F-EAEBB71A4C11}.Profile|ARM.ActiveCfg = Release|ARM
		{2B7A3A4F-B185-48FB-969F-EAEBB71A4C11}.Profile|ARM.Build.0 = Release|ARM
		{2B7A3A4F-B185-48FB-969F-EAEBB71A4C11}.Profile|ARM.Deploy.0 = Release|ARM
		{2B7A3A4F-B185-48FB-969F-EAEBB71A4C11}.Profile|x64.ActiveCfg = Release|x64
		{2B7A3A4F-B185-48FB-969F-EAEBB71A4C11}.Profile|x64.Build.0 = Release|x64
		{2B7A3A4F-B185-48FB-969F-EAEBB71A4C11}.Profile|x64.Deploy.0 = Release|x64
		{2B7A3A4F-B185-48FB-969F-EAEBB71A4C11}.Profile|x86.ActiveCfg = Release|Win32
		{2B7A3A4F-B185-48FB-969F-EAEBB71A4C11}.Profile|x86.Build.0 = Release|Win32
		{2B7A3A4F-B185-48FB-969F-EAEBB71A4C11}.Profile|x86.Deploy.0 = Release|Win32
		{2B7A3A4F-B185-48FB-969F-EAEBB71A4C11}.Release|ARM.ActiveCfg = Release|ARM
		{2B7A3A4F-B185-48FB-969F-EAEBB71A4C11}.Release|ARM.Build.0 = Release|ARM
		{2B7A3A4F-B185-48FB-969F-EAEBB71A4C11}.Release|ARM.Deploy.0 = Release|ARM
		{2B7A3A4F-B185-48FB-969F-EAEBB71A4C11}.Release|x64.ActiveCfg = Release|x64
		{2B7A3A4F-B185-48FB-969F-EAEBB71A4C11}.Release|x64.Build.0 = Release|x64
		{2B7A3A4F-B185-48FB-969F-EAEBB71A4C11}.Release|x64.Deploy.0 = Release|x64
		{2B7A3A4F-B185-48FB-969F-EAEBB71A4C11}.Release|x86.ActiveCfg = Release|Win32
		{2B7A3A4F-B185-48FB-969F-EAEBB71A4C11}.Release|x86.Build.0 = Release|Win32
		{2B7A3A4F-B185-48FB-969F-EAEBB71A4C11}.Release|x86.Deploy.0 = Release|Win32
		{B92C88EE-781A-4327-88DA-0FBFACC33B43}.Debug|ARM.ActiveCfg = Debug|ARM
		{B92C88EE-781A-4327-88DA-0FBFACC33B43}.Debug|ARM.Build.0 = Debug|ARM
		{B92C88EE-781A-4327-88DA-0FBFACC33B43}.Debug|ARM.Deploy.0 = Debug|ARM
		{B92C88EE-781A-4327-88DA-0FBFACC33B43}.Debug|x64.ActiveCfg = Debug|x64
		{B92C88EE-781A-4327-88DA-0FBFACC33B43}.Debug|x64.Build.0 = Debug|x64
		{B92C88EE-781A-4327-88DA-0FBFACC33B43}.Debug|x64.Deploy.0 = Debug|x64
		{B92C88EE-781A-4327-88DA-0FBFACC33B43}.Debug|x86.ActiveCfg = Debug|Win32
		{B92C88EE-781A-4327-88DA-0FBFACC33B43}.Debug|x86.Build.0 = Debug|Win32
		{B92C88EE-781A-4327-88DA-0FBFACC33B43}.Debug|x86.Deploy.0 = Debug|Win32
		{B92C88EE-781A-4327-88DA-0FBFACC33B43}.Profile|ARM.ActiveCfg = Release|ARM
		{B92C88EE-781A-4327-88DA-0FBFACC33B43}.Profile|ARM.Build.0 = Release|ARM
		{B92C88EE-781A-4327-88DA-0FBFACC33B43}.Profile|ARM.Deploy.0 = Release|ARM
		{B92C88EE-781A-4327-88DA-0FBFACC33B43}.Profile|x64.ActiveCfg = Release|x64
		{B92C88EE-781A-4327-88DA-0FBFACC33B43}.Profile|x64.Build.0 = Release|x64
		{B92C88EE-781A-4327-88DA-0FBFACC33B43}.Profile|x64.Deploy.0 = Release|x64
		{B92C88EE-781A-4327-88DA-0FBFACC33B43}.Profile|x86.ActiveCfg = Release|Win32
		{B92C88EE-781A-4327-88DA-0FBFACC33B43}.Profile|x86.Build.0 = Release|Win32
		{B92C88EE-781A-4327-88DA-0FBFACC33B43}.Profile|x86.Deploy.0 = Release|Win32
		{B92C88EE-781A-4327-88DA-0FBFACC33B43}.Release|ARM.ActiveCfg = Release|ARM
		{B92C88EE-781A-4327-88DA-0FBFACC33B43}.Release|ARM.Build.0 = Release|ARM
		{B92C88EE-781A-4327-88DA-0FBFACC33B43}.Release|ARM.Deploy.0 = Release|ARM
		{B92C88EE-781A-4327-88DA-0FBFACC33B43}.Release|x64.ActiveCfg = Release|x64
		{B92C88EE-781A-4327-88DA-0FBFACC33B43}.Release|x64.Build.0 = Release|x64
		{B92C88EE-781A-4327-88DA-0FBFACC33B43}.Release|x64.Deploy.0 = Release|x64
		{B92C88EE-781A-4327-88DA-0FBFACC33B43}.Release|x86.ActiveCfg = Release|Win32
		{B92C88EE-781A-4327-88DA-0FBFACC33B43}.Release|x86.Build.0 = Release|Win32
		{B92C88EE-781A-4327-88DA-0FBFACC33B43}.Release|x86.Deploy.0 = Release|Win32
		{EBC6F20D-2C91-4D09-8272-787AE8700E76}.Debug|ARM.ActiveCfg = Debug|ARM
		{EBC6F20D-2C91-4D09-8272-787AE8700E76}.Debug|ARM.Build.0 = Debug|ARM
		{EBC6F20D-2C91-4D09-8272-787AE8700E76}.Debug|ARM.Deploy.0 = Debug|ARM
		{EBC6F20D-2C91-4D09-8272-787AE8700E76}.Debug|x64.ActiveCfg = Debug|x64
		{EBC6F20D-2C91-4D09-8272-787AE8700E76}.Debug|x64.Build.0 = Debug|x64
		{EBC6F20D-2C91-4D09-8272-787AE8700E76}.Debug|x64.Deploy.0 = Debug|x64
		{EBC6F20D-2C91-4D09-8272-787AE8700E76}.Debug|x86.ActiveCfg = Debug|Win32
		{EBC6F20D-2C91-4D09-8272-787AE8700E76}.Debug|x86.Build.0 = Debug|Win32
		{EBC6F20D-2C91-4D09-8272-787AE8700E76}.Debug|x86.Deploy.0 = Debug|Win32
		{EBC6F20D-2C91-4D09-8272-787AE8700E76}.Profile|ARM.ActiveCfg = Release|ARM
		{EBC6F20D-2C91-4D09-8272-787AE8700E76}.Profile|ARM.Build.0 = Release|ARM
		{EBC6F20D-2C91-4D09-8272-787AE8700E76}.Profile|ARM.Deploy.0 = Release|ARM
		{EBC6F20D-2C91-4D09-8272-787AE8700E76}.Profile|x64.ActiveCfg = Release|x64
		{EBC6F20D-2C91-4D09-8272-787AE8700E76}.Profile|x64.Build.0 = Release|x64
		{EBC6F20D-2C91-4D09-8272-787AE8700E76}.Profile|x64.Deploy.0 = Release|x64
		{EBC6F20D-2C91-4D09-8272-787AE8700E76}.Profile|x86.ActiveCfg = Release|Win32
		{EBC6F20D-2C91-4D09-8272-787AE8700E76}.Profile|x86.Build.0 = Release|Win32
		{EBC6F20D-2C91-4D09-8272-787AE8700E76}.Profile|x86.Deploy.0 = Release|Win32
		{EBC6F20D-2C91-4D09-8272-787AE8700E76}.Release|ARM.ActiveCfg = Release|ARM
		{EBC6F20D-2C91-4D09-8272-787AE8700E76}.Release|ARM.Build.0 = Release|ARM
		{EBC6F20D-2C91-4D09-8272-787AE8700E76}.Release|ARM.Deploy.0 = Release|ARM
		{EBC6F20D-2C91-4D09-8272-787AE8700E76}.Release|x64.ActiveCfg = Release|x64
		{EBC6F20D-2C91-4D09-8272-787AE8700E76}.Release|x64.Build.0 = Release|x64
		{EBC6F20D-2C91-4D09-8272-787AE8700E76}.Release|x64.Deploy.0 = Release|x64
		{EBC6F20D-2C91-4D09-8272-787AE8700E76}.Release|x86.ActiveCfg = Release|Win32
		{EBC6F20D-2C91-4D09-8272-787AE8700E76}.Release|x86.Build.0 = Release|Win32
		{EBC6F20D-2C91-4D09-8272-787AE8700E76}.Release|x86.Deploy.0 = Release|Win32
		{371B9FA9-4C90-4AC6-A123-ACED756D6C77}.Debug|ARM.ActiveCfg = Debug|Win32
		{371B9FA9-4C90-4AC6-A123-ACED756D6C77}.Debug|x64.ActiveCfg = Debug|x64
		{371B9FA9-4C90-4AC6-A123-ACED756D6C77}.Debug|x64.Build.0 = Debug|x64
		{371B9FA9-4C90-4AC6-A123-ACED756D6C77}.Debug|x86.ActiveCfg = Debug|Win32
		{371B9FA9-4C90-4AC6-A123-ACED756D6C77}.Debug|x86.Build.0 = Debug|Win32
		{371B9FA9-4C90-4AC6-A123-ACED756D6C77}.Profile|ARM.ActiveCfg = Profile|Win32
		{371B9FA9-4C90-4AC6-A123-ACED756D6C77}.Profile|x64.ActiveCfg = Profile|x64
		{371B9FA9-4C90-4AC6-A123-ACED756D6C77}.Profile|x64.Build.0 = Profile|x64
		{371B9FA9-4C90-4AC6-A123-ACED756D6C77}.Profile|x86.ActiveCfg = Profile|Win32
		{371B9FA9-4C90-4AC6-A123-ACED756D6C77}.Profile|x86.Build.0 = Profile|Win32
		{371B9FA9-4C90-4AC6-A123-ACED756D6C77}.Release|ARM.ActiveCfg = Release|Win32
		{371B9FA9-4C90-4AC6-A123-ACED756D6C77}.Release|x64.ActiveCfg = Release|x64
		{371B9FA9-4C90-4AC6-A123-ACED756D6C77}.Release|x64.Build.0 = Release|x64
		{371B9FA9-4C90-4AC6-A123-ACED756D6C77}.Release|x86.ActiveCfg = Release|Win32
		{371B9FA9-4C90-4AC6-A123-ACED756D6C77}.Release|x86.Build.0 = Release|Win32
		{A9E06AC7-49C4-4B6C-9FFF-DCE3AD7EB251}.Debug|ARM.ActiveCfg = Debug|ARM
		{A9E06AC7-49C4-4B6C-9FFF-DCE3AD7EB251}.Debug|ARM.Build.0 = Debug|ARM
		{A9E06AC7-49C4-4B6C-9FFF-DCE3AD7EB251}.Debug|ARM.Deploy.0 = Debug|ARM
		{A9E06AC7-49C4-4B6C-9FFF-DCE3AD7EB251}.Debug|x64.ActiveCfg = Debug|x64
		{A9E06AC7-49C4-4B6C-9FFF-DCE3AD7EB251}.Debug|x64.Build.0 = Debug|x64
		{A9E06AC7-49C4-4B6C-9FFF-DCE3AD7EB251}.Debug|x64.Deploy.0 = Debug|x64
		{A9E06AC7-49C4-4B6C-9FFF-DCE3AD7EB251}.Debug|x86.ActiveCfg = Debug|Win32
		{A9E06AC7-49C4-4B6C-9FFF-DCE3AD7EB251}.Debug|x86.Build.0 = Debug|Win32
		{A9E06AC7-49C4-4B6C-9FFF-DCE3AD7EB251}.Debug|x86.Deploy.0 = Debug|Win32
		{A9E06AC7-49C4-4B6C-9FFF-DCE3AD7EB251}.Profile|ARM.ActiveCfg = Release|ARM
		{A9E06AC7-49C4-4B6C-9FFF-DCE3AD7EB251}.Profile|ARM.Build.0 = Release|ARM
		{A9E06AC7-49C4-4B6C-9FFF-DCE3AD7EB251}.Profile|ARM.Deploy.0 = Release|ARM
		{A9E06AC7-49C4-4B6C-9FFF-DCE3AD7EB251}.Profile|x64.ActiveCfg = Release|x64
		{A9E06AC7-49C4-4B6C-9FFF-DCE3AD7EB251}.Profile|x64.Build.0 = Release|x64
		{A9E06AC7-49C4-4B6C-9FFF-DCE3AD7EB251}.Profile|x64.Deploy.0 = Release|x64
		{A9E06AC7-49C4-4B6C-9FFF-DCE3AD7EB251}.Profile|x86.ActiveCfg = Release|Win32
		{A9E06AC7-49C4-4B6C-9FFF-DCE3AD7EB251}.Profile|x86.Build.0 = Release|Win32
		{A9E06AC7-49C4-4B6C-9FFF-DCE3AD7EB251}.Profile|x86.Deploy.0 = Release|Win32
		{A9E06AC7-49C4-4B6C-9FFF-DCE3AD7EB251}.Release|ARM.ActiveCfg = Release|ARM
		{A9E06AC7-49C4-4B6C-9FFF-DCE3AD7EB251}.Release|ARM.Build.0 = Release|ARM
		{A9E06AC7-49C4-4B6C-9FFF-DCE3AD7EB251}.Release|ARM.Deploy.0 = Release|ARM
		{A9E06AC7-49C4-4B6C-9FFF-DCE3AD7EB251}.Release|x64.ActiveCfg = Release|x64
		{A9E06AC7-49C4-4B6C-9FFF-DCE3AD7EB251}.Release|x64.Build.0 = Release|x64
		{A9E06AC7-49C4-4B6C-9FFF-DCE3AD7EB251}.Release|x64.Deploy.0 = Release|x64
		{A9E06AC7-49C4-4B6C-9FFF-DCE3AD7EB251}.Release|x86.ActiveCfg = Release|Win32
		{A9E06AC7-49C4-4B6C-9FFF-DCE3AD7EB251}.Release|x86.Build.0 = Release|Win32
		{A9E06AC7-49C4-4B6C-9FFF-DCE3AD7EB251}.Release|x86.Deploy.0 = Release|Win32
		{9C1FBE6C-E2F2-46AB-BC72-75DCA345D388}.Debug|ARM.ActiveCfg = Debug|ARM
		{9C1FBE6C-E2F2-46AB-BC72-75DCA345D388}.Debug|ARM.Build.0 = Debug|ARM
		{9C1FBE6C-E2F2-46AB-BC72-75DCA345D388}.Debug|ARM.Deploy.0 = Debug|ARM
		{9C1FBE6C-E2F2-46AB-BC72-75DCA345D388}.Debug|x64.ActiveCfg = Debug|x64
		{9C1FBE6C-E2F2-46AB-BC72-75DCA345D388}.Debug|x64.Build.0 = Debug|x64
		{9C1FBE6C-E2F2-46AB-BC72-75DCA345D388}.Debug|x64.Deploy.0 = Debug|x64
		{9C1FBE6C-E2F2-46AB-BC72-75DCA345D388}.Debug|x86.ActiveCfg = Debug|Win32
		{9C1FBE6C-E2F2-46AB-BC72-75DCA345D388}.Debug|x86.Build.0 = Debug|Win32
		{9C1FBE6C-E2F2-46AB-BC72-75DCA345D388}.Debug|x86.Deploy.0 = Debug|Win32
		{9C1FBE6C-E2F2-46AB-BC72-75DCA345D388}.Profile|ARM.ActiveCfg = Release|ARM
		{9C1FBE6C-E2F2-46AB-BC72-75DCA345D388}.Profile|ARM.Build.0 = Release|ARM
		{9C1FBE6C-E2F2-46AB-BC72-75DCA345D388}.Profile|ARM.Deploy.0 = Release|ARM
		{9C1FBE6C-E2F2-46AB-BC72-75DCA345D388}.Profile|x64.ActiveCfg = Release|x64
		{9C1FBE6C-E2F2-46AB-BC72-75DCA345D388}.Profile|x64.Build.0 = Release|x64
		{9C1FBE6C-E2F2-46AB-BC72-75DCA345D388}.Profile|x64.Deploy.0 = Release|x64
		{9C1FBE6C-E2F2-46AB-BC72-75DCA345D388}.Profile|x86.ActiveCfg = Release|Win32
		{9C1FBE6C-E2F2-46AB-BC72-75DCA345D388}.Profile|x86.Build.0 = Release|Win32
		{9C1FBE6C-E2F2-46AB-BC72-75DCA345D388}.Profile|x86.Deploy.0 = Release|Win32
		{9C1FBE6C-E2F2-46AB-BC72-75DCA345D388}.Release|ARM.ActiveCfg = Release|ARM
		{9C1FBE6C-E2F2-46AB-BC72-75DCA345D388}.Release|ARM.Build.0 = Release|ARM
		{9C1FBE6C-E2F2-46AB-BC72-75DCA345D388}.Release|ARM.Deploy.0 = Release|ARM
		{9C1FBE6C-E2F2-46AB-BC72-75DCA345D388}.Release|x64.ActiveCfg = Release|x64
		{9C1FBE6C-E2F2-46AB-BC72-75DCA345D388}.Release|x64.Build.0 = Release|x64
		{9C1FBE6C-E2F2-46AB-BC72-75DCA345D388}.Release|x64.Deploy.0 = Release|x64
		{9C1FBE6C-E2F2-46AB-BC72-75DCA345D388}.Release|x86.ActiveCfg = Release|Win32
		{9C1FBE6C-E2F2-46AB-BC72-75DCA345D388}.Release|x86.Build.0 = Release|Win32
		{9C1FBE6C-E2F2-46AB-BC72-75DCA345D388}.Release|x86.Deploy.0 = Release|Win32
		{3E7F66BE-CE05-4782-8C4C-95F0E5CC6FA5}.Debug|ARM.ActiveCfg = Debug|ARM
		{3E7F66BE-CE05-4782-8C4C-95F0E5CC6FA5}.Debug|ARM.Build.0 = Debug|ARM
		{3E7F66BE-CE05-4782-8C4C-95F0E5CC6FA5}.Debug|ARM.Deploy.0 = Debug|ARM
		{3E7F66BE-CE05-4782-8C4C-95F0E5CC6FA5}.Debug|x64.ActiveCfg = Debug|x64
		{3E7F66BE-CE05-4782-8C4C-95F0E5CC6FA5}.Debug|x64.Build.0 = Debug|x64
		{3E7F66BE-CE05-4782-8C4C-95F0E5CC6FA5}.Debug|x64.Deploy.0 = Debug|x64
		{3E7F66BE-CE05-4782-8C4C-95F0E5CC6FA5}.Debug|x86.ActiveCfg = Debug|Win32
		{3E7F66BE-CE05-4782-8C4C-95F0E5CC6FA5}.Debug|x86.Build.0 = Debug|Win32
		{3E7F66BE-CE05-4782-8C4C-95F0E5CC6FA5}.Debug|x86.Deploy.0 = Debug|Win32
		{3E7F66BE-CE05-4782-8C4C-95F0E5CC6FA5}.Profile|ARM.ActiveCfg = Release|ARM
		{3E7F66BE-CE05-4782-8C4C-95F0E5CC6FA5}.Profile|ARM.Build.0 = Release|ARM
		{3E7F66BE-CE05-4782-8C4C-95F0E5CC6FA5}.Profile|ARM.Deploy.0 = Release|ARM
		{3E7F66BE-CE05-4782-8C4C-95F0E5CC6FA5}.Profile|x64.ActiveCfg = Release|x64
		{3E7F66BE-CE05-4782-8C4C-95F0E5CC6FA5}.Profile|x64.Build.0 = Release|x64
		{3E7F66BE-CE05-4782-8C4C-95F0E5CC6FA5}.Profile|x64.Deploy.0 = Release|x64
		{3E7F66BE-CE05-4782-8C4C-95F0E5CC6FA5}.Profile|x86.ActiveCfg = Release|Win32
		{3E7F66BE-CE05-4782-8C4C-95F0E5CC6FA5}.Profile|x86.Build.0 = Release|Win32
		{3E7F66BE-CE05-4782-8C4C-95F0E5CC6FA5}.Profile|x86.Deploy.0 = Release|Win32
		{3E7F66BE-CE05-4782-8C4C-95F0E5CC6FA5}.Release|ARM.ActiveCfg = Release|ARM
		{3E7F66BE-CE05-4782-8C4C-95F0E5CC6FA5}.Release|ARM.Build.0 = Release|ARM
		{3E7F66BE-CE05-4782-8C4C-95F0E5CC6FA5}.Release|ARM.Deploy.0 = Release|ARM
		{3E7F66BE-CE05-4782-8C4C-95F0E5CC6FA5}.Release|x64.ActiveCfg = Release|x64
		{3E7F66BE-CE05-4782-8C4C-95F0E5CC6FA5}.Release|x64.Build.0 = Release|x64
		{3E7F66BE-CE05-4782-8C4C-95F0E5CC6FA5}.Release|x64.Deploy.0 = Release|x64
		{3E7F66BE-CE05-4782-8C4C-95F0E5CC6FA5}.Release|x86.ActiveCfg = Release|Win32
		{3E7F66BE-CE05-4782-8C4C-95F0E5CC6FA5}.Release|x86.Build.0 = Release|Win32
		{3E7F66BE-CE05-4782-8C4C-95F0E5CC6FA5}.Release|x86.Deploy.0 = Release|Win32
		{735C2CEF-83E9-4EA7-81C8-A45367316449}.Debug|ARM.ActiveCfg = Debug|ARM
		{735C2CEF-83E9-4EA7-81C8-A45367316449}.Debug|ARM.Build.0 = Debug|ARM
		{735C2CEF-83E9-4EA7-81C8-A45367316449}.Debug|ARM.Deploy.0 = Debug|ARM
		{735C2CEF-83E9-4EA7-81C8-A45367316449}.Debug|x64.ActiveCfg = Debug|x64
		{735C2CEF-83E9-4EA7-81C8-A45367316449}.Debug|x64.Build.0 = Debug|x64
		{735C2CEF-83E9-4EA7-81C8-A45367316449}.Debug|x64.Deploy.0 = Debug|x64
		{735C2CEF-83E9-4EA7-81C8-A45367316449}.Debug|x86.ActiveCfg = Debug|Win32
		{735C2CEF-83E9-4EA7-81C8-A45367316449}.Debug|x86.Build.0 = Debug|Win32
		{735C2CEF-83E9-4EA7-81C8-A45367316449}.Debug|x86.Deploy.0 = Debug|Win32
		{735C2CEF-83E9-4EA7-81C8-A45367316449}.Profile|ARM.ActiveCfg = Release|ARM
		{735C2CEF-83E9-4EA7-81C8-A45367316449}.Profile|ARM.Build.0 = Release|ARM
		{735C2CEF-83E9-4EA7-81C8-A45367316449}.Profile|ARM.Deploy.0 = Release|ARM
		{735C2CEF-83E9-4EA7-81C8-A45367316449}.Profile|x64.ActiveCfg = Release|x64
		{735C2CEF-83E9-4EA7-81C8-A45367316449}.Profile|x64.Build.0 = Release|x64
		{735C2CEF-83E9-4EA7-81C8-A45367316449}.Profile|x64.Deploy.0 = Release|x64
		{735C2CEF-83E9-4EA7-81C8-A45367316449}.Profile|x86.ActiveCfg = Release|Win32
		{735C2CEF-83E9-4EA7-81C8-A45367316449}.Profile|x86.Build.0 = Release|Win32
		{735C2CEF-83E9-4EA7-81C8-A45367316449}.Profile|x86.Deploy.0 = Release|Win32
		{735C2CEF-83E9-4EA7-81C8-A45367316449}.Release|ARM.ActiveCfg = Release|ARM
		{735C2CEF-83E9-4EA7-81C8-A45367316449}.Release|ARM.Build.0 = Release|ARM
		{735C2CEF-83E9-4EA7-81C8-A45367316449}.Release|ARM.Deploy.0 = Release|ARM
		{735C2CEF-83E9-4EA7-81C8-A45367316449}.Release|x64.ActiveCfg = Release|x64
		{735C2CEF-83E9-4EA7-81C8-A45367316449}.Release|x64.Build.0 = Release|x64
		{735C2CEF-83E9-4EA7-81C8-A45367316449}.Release|x64.Deploy.0 = Release|x64
		{735C2CEF-83E9-4EA7-81C8-A45367316449}.Release|x86.ActiveCfg = Release|Win32
		{735C2CEF-83E9-4EA7-81C8-A45367316449}.Release|x86.Build.0 = Release|Win32
		{735C2CEF-83E9-4EA7-81C8-A45367316449}.Release|x86.Deploy.0 = Release|Win32
		{528CF7A4-D0EB-4059-BA58-05E52F1F0E7D}.Debug|ARM.ActiveCfg = Debug|ARM
		{528CF7A4-D0EB-4059-BA58-05E52F1F0E7D}.Debug|ARM.Build.0 = Debug|ARM
		{528CF7A4-D0EB-4059-BA58-05E52F1F0E7D}.Debug|ARM.Deploy.0 = Debug|ARM
		{528CF7A4-D0EB-4059-BA58-05E52F1F0E7D}.Debug|x64.ActiveCfg = Debug|x64
		{528CF7A4-D0EB-4059-BA58-05E52F1F0E7D}.Debug|x64.Build.0 = Debug|x64
		{528CF7A4-D0EB-4059-BA58-05E52F1F0E7D}.Debug|x64.Deploy.0 = Debug|x64
		{528CF7A4-D0EB-4059-BA58-05E52F1F0E7D}.Debug|x86.ActiveCfg = Debug|Win32
		{528CF7A4-D0EB-4059-BA58-05E52F1F0E7D}.Debug|x86.Build.0 = Debug|Win32
		{528CF7A4-D0EB-4059-BA58-05E52F1F0E7D}.Debug|x86.Deploy.0 = Debug|Win32
		{528CF7A4-D0EB-4059-BA58-05E52F1F0E7D}.Profile|ARM.ActiveCfg = Release|ARM
		{528CF7A4-D0EB-4059-BA58-05E52F1F0E7D}.Profile|ARM.Build.0 = Release|ARM
		{528CF7A4-D0EB-4059-BA58-05E52F1F0E7D}.Profile|ARM.Deploy.0 = Release|ARM
		{528CF7A4-D0EB-4059-BA58-05E52F1F0E7D}.Profile|x64.ActiveCfg = Release|x64
		{528CF7A4-D0EB-4059-BA58-05E52F1F0E7D}.Profile|x64.Build.0 = Release|x64
		{528CF7A4-D0EB-4059-BA58-05E52F1F0E7D}.Profile|x64.Deploy.0 = Release|x64
		{528CF7A4-D0EB-4059-BA58-05E52F1F0E7D}.Profile|x86.ActiveCfg = Release|Win32
		{528CF7A4-D0EB-4059-BA58-05E52F1F0E7D}.Profile|x86.Build.0 = Release|Win32
		{528CF7A4-D0EB-4059-BA58-05E52F1F0E7D}.Profile|x86.Deploy.0 = Release|Win32
		{528CF7A4-D0EB-4059-BA58-05E52F1F0E7D}.Release|ARM.ActiveCfg = Release|ARM
		{528CF7A4-D0EB-4059-BA58-05E52F1F0E7D}.Release|ARM.Build.0 = Release|ARM
		{528CF7A4-D0EB-4059-BA58-05E52F1F0E7D}.Release|ARM.Deploy.0 = Release|ARM
		{528CF7A4-D0EB-4059-BA58-05E52F1F0E7D}.Release|x64.ActiveCfg = Release|x64
		{528CF7A4-D0EB-4059-BA58-05E52F1F0E7D}.Release|x64.Build.0 = Release|x64
		{528CF7A4-D0EB-4059-BA58-05E52F1F0E7D}.Release|x64.Deploy.0 = Release|x64
		{528CF7A4-D0EB-4059-BA58-05E52F1F0E7D}.Release|x86.ActiveCfg = Release|Win32
		{528CF7A4-D0EB-4059-BA58-05E52F1F0E7D}.Release|x86.Build.0 = Release|Win32
		{528CF7A4-D0EB-4059-BA58-05E52F1F0E7D}.Release|x86.Deploy.0 = Release|Win32
		{8B3FE997-6B3F-4067-8562-997560A427F2}.Debug|ARM.ActiveCfg = Debug|ARM
		{8B3FE997-6B3F-4067-8562-997560A427F2}.Debug|ARM.Build.0 = Debug|ARM
		{8B3FE997-6B3F-4067-8562-997560A427F2}.Debug|ARM.Deploy.0 = Debug|ARM
		{8B3FE997-6B3F-4067-8562-997560A427F2}.Debug|x64.ActiveCfg = Debug|x64
		{8B3FE997-6B3F-4067-8562-997560A427F2}.Debug|x64.Build.0 = Debug|x64
		{8B3FE997-6B3F-4067-8562-997560A427F2}.Debug|x64.Deploy.0 = Debug|x64
		{8B3FE997-6B3F-4067-8562-997560A427F2}.Debug|x86.ActiveCfg = Debug|Win32
		{8B3FE997-6B3F-4067-8562-997560A427F2}.Debug|x86.Build.0 = Debug|Win32
		{8B3FE997-6B3F-4067-8562-997560A427F2}.Debug|x86.Deploy.0 = Debug|Win32
		{8B3FE997-6B3F-4067-8562-997560A427F2}.Profile|ARM.ActiveCfg = Release|ARM
		{8B3FE997-6B3F-4067-8562-997560A427F2}.Profile|ARM.Build.0 = Release|ARM
		{8B3FE997-6B3F-4067-8562-997560A427F2}.Profile|ARM.Deploy.0 = Release|ARM
		{8B3FE997-6B3F-4067-8562-997560A427F2}.Profile|x64.ActiveCfg = Release|x64
		{8B3FE997-6B3F-4067-8562-997560A427F2}.Profile|x64.Build.0 = Release|x64
		{8B3FE997-6B3F-4067-8562-997560A427F2}.Profile|x64.Deploy.0 = Release|x64
		{8B3FE997-6B3F-4067-8562-997560A427F2}.Profile|x86.ActiveCfg = Release|Win32
		{8B3FE997-6B3F-4067-8562-997560A427F2}.Profile|x86.Build.0 = Release|Win32
		{8B3FE997-6B3F-4067-8562-997560A427F2}.Profile|x86.Deploy.0 = Release|Win32
		{8B3FE997-6B3F-4067-8562-997560A427F2}.Release|ARM.ActiveCfg = Release|ARM
		{8B3FE997-6B3F-4067-8562-997560A427F2}.Release|ARM.Build.0 = Release|ARM
		{8B3FE997-6B3F-4067-8562-997560A427F2}.Release|ARM.Deploy.0 = Release|ARM
		{8B3FE997-6B3F-4067-8562-997560A427F2}.Release|x64.ActiveCfg = Release|x64
		{8B3FE997-6B3F-4067-8562-997560A427F2}.Release|x64.Build.0 = Release|x64
		{8B3FE997-6B3F-4067-8562-997560A427F2}.Release|x64.Deploy.0 = Release|x64
		{8B3FE997-6B3F-4067-8562-997560A427F2}.Release|x86.ActiveCfg = Release|Win32
		{8B3FE997-6B3F-4067-8562-997560A427F2}.Release|x86.Build.0 = Release|Win32
		{8B3FE997-6B3F-4067-8562-997560A427F2}.Release|x86.Deploy.0 = Release|Win32
		{966CE2A0-0F28-4FBC-B9BF-F93C05F27AD0}.Debug|ARM.ActiveCfg = Debug|ARM
		{966CE2A0-0F28-4FBC-B9BF-F93C05F27AD0}.Debug|ARM.Build.0 = Debug|ARM
		{966CE2A0-0F28-4FBC-B9BF-F93C05F27AD0}.Debug|ARM.Deploy.0 = Debug|ARM
		{966CE2A0-0F28-4FBC-B9BF-F93C05F27AD0}.Debug|x64.ActiveCfg = Debug|x64
		{966CE2A0-0F28-4FBC-B9BF-F93C05F27AD0}.Debug|x64.Build.0 = Debug|x64
		{966CE2A0-0F28-4FBC-B9BF-F93C05F27AD0}.Debug|x64.Deploy.0 = Debug|x64
		{966CE2A0-0F28-4FBC-B9BF-F93C05F27AD0}.Debug|x86.ActiveCfg = Debug|Win32
		{966CE2A0-0F28-4FBC-B9BF-F93C05F27AD0}.Debug|x86.Build.0 = Debug|Win32
		{966CE2A0-0F28-4FBC-B9BF-F93C05F27AD0}.Debug|x86.Deploy.0 = Debug|Win32
		{966CE2A0-0F28-4FBC-B9BF-F93C05F27AD0}.Profile|ARM.ActiveCfg = Release|ARM
		{966CE2A0-0F28-4FBC-B9BF-F93C05F27AD0}.Profile|ARM.Build.0 = Release|ARM
		{966CE2A0-0F28-4FBC-B9BF-F93C05F27AD0}.Profile|ARM.Deploy.0 = Release|ARM
		{966CE2A0-0F28-4FBC-B9BF-F93C05F27AD0}.Profile|x64.ActiveCfg = Release|x64
		{966CE2A0-0F28-4FBC-B9BF-F93C05F27AD0}.Profile|x64.Build.0 = Release|x64
		{966CE2A0-0F28-4FBC-B9BF-F93C05F27AD0}.Profile|x64.Deploy.0 = Release|x64
		{966CE2A0-0F28-4FBC-B9BF-F93C05F27AD0}.Profile|x86.ActiveCfg = Release|Win32
		{966CE2A0-0F28-4FBC-B9BF-F93C05F27AD0}.Profile|x86.Build.0 = Release|Win32
		{966CE2A0-0F28-4FBC-B9BF-F93C05F27AD0}.Profile|x86.Deploy.0 = Release|Win32
		{966CE2A0-0F28-4FBC-B9BF-F93C05F27AD0}.Release|ARM.ActiveCfg = Release|ARM
		{966CE2A0-0F28-4FBC-B9BF-F93C05F27AD0}.Release|ARM.Build.0 = Release|ARM
		{966CE2A0-0F28-4FBC-B9BF-F93C05F27AD0}.Release|ARM.Deploy.0 = Release|ARM
		{966CE2A0-0F28-4FBC-B9BF-F93C05F27AD0}.Release|x64.ActiveCfg = Release|x64
		{966CE2A0-0F28-4FBC-B9BF-F93C05F27AD0}.Release|x64.Build.0 = Release|x64
		{966CE2A0-0F28-4FBC-B9BF-F93C05F27AD0}.Release|x64.Deploy.0 = Release|x64
		{966CE2A0-0F28-4FBC-B9BF-F93C05F27AD0}.Release|x86.ActiveCfg = Release|Win32
		{966CE2A0-0F28-4FBC-B9BF-F93C05F27AD0}.Release|x86.Build.0 = Release|Win32
		{966CE2A0-0F28-4FBC-B9BF-F93C05F27AD0}.Release|x86.Deploy.0 = Release|Win32
		{2F28DB28-8C92-40EC-A5FB-2AC5A13B882A}.Debug|ARM.ActiveCfg = Debug|ARM
		{2F28DB28-8C92-40EC-A5FB-2AC5A13B882A}.Debug|ARM.Build.0 = Debug|ARM
		{2F28DB28-8C92-40EC-A5FB-2AC5A13B882A}.Debug|ARM.Deploy.0 = Debug|ARM
		{2F28DB28-8C92-40EC-A5FB-2AC5A13B882A}.Debug|x64.ActiveCfg = Debug|x64
		{2F28DB28-8C92-40EC-A5FB-2AC5A13B882A}.Debug|x64.Build.0 = Debug|x64
		{2F28DB28-8C92-40EC-A5FB-2AC5A13B882A}.Debug|x64.Deploy.0 = Debug|x64
		{2F28DB28-8C92-40EC-A5FB-2AC5A13B882A}.Debug|x86.ActiveCfg = Debug|Win32
		{2F28DB28-8C92-40EC-A5FB-2AC5A13B882A}.Debug|x86.Build.0 = Debug|Win32
		{2F28DB28-8C92-40EC-A5FB-2AC5A13B882A}.Debug|x86.Deploy.0 = Debug|Win32
		{2F28DB28-8C92-40EC-A5FB-2AC5A13B882A}.Profile|ARM.ActiveCfg = Release|ARM
		{2F28DB28-8C92-40EC-A5FB-2AC5A13B882A}.Profile|ARM.Build.0 = Release|ARM
		{2F28DB28-8C92-40EC-A5FB-2AC5A13B882A}.Profile|ARM.Deploy.0 = Release|ARM
		{2F28DB28-8C92-40EC-A5FB-2AC5A13B882A}.Profile|x64.ActiveCfg = Release|x64
		{2F28DB28-8C92-40EC-A5FB-2AC5A13B882A}.Profile|x64.Build.0 = Release|x64
		{2F28DB28-8C92-40EC-A5FB-2AC5A13B882A}.Profile|x64.Deploy.0 = Release|x64
		{2F28DB28-8C92-40EC-A5FB-2AC5A13B882A}.Profile|x86.ActiveCfg = Release|Win32
		{2F28DB28-8C92-40EC-A5FB-2AC5A13B882A}.Profile|x86.Build.0 = Release|Win32
		{2F28DB28-8C92-40EC-A5FB-2AC5A13B882A}.Profile|x86.Deploy.0 = Release|Win32
		{2F28DB28-8C92-40EC-A5FB-2AC5A13B882A}.Release|ARM.ActiveCfg = Release|ARM
		{2F28DB28-8C92-40EC-A5FB-2AC5A13B882A}.Release|ARM.Build.0 = Release|ARM
		{2F28DB28-8C92-40EC-A5FB-2AC5A13B882A}.Release|ARM.Deploy.0 = Release|ARM
		{2F28DB28-8C92-40EC-A5FB-2AC5A13B882A}.Release|x64.ActiveCfg = Release|x64
		{2F28DB28-8C92-40EC-A5FB-2AC5A13B882A}.Release|x64.Build.0 = Release|x64
		{2F28DB28-8C92-40EC-A5FB-2AC5A13B882A}.Release|x64.Deploy.0 = Release|x64
		{2F28DB28-8C92-40EC-A5FB-2AC5A13B882A}.Release|x86.ActiveCfg = Release|Win32
		{2F28DB28-8C92-40EC-A5FB-2AC5A13B882A}.Release|x86.Build.0 = Release|Win32
		{2F28DB28-8C92-40EC-A5FB-2AC5A13B882A}.Release|x86.Deploy.0 = Release|Win32
		{A7DFBD69-6CB7-460E-988C-7024783CF4F4}.Debug|ARM.ActiveCfg = Debug|ARM
		{A7DFBD69-6CB7-460E-988C-7024783CF4F4}.Debug|ARM.Build.0 = Debug|ARM
		{A7DFBD69-6CB7-460E-988C-7024783CF4F4}.Debug|ARM.Deploy.0 = Debug|ARM
		{A7DFBD69-6CB7-460E-988C-7024783CF4F4}.Debug|x64.ActiveCfg = Debug|x64
		{A7DFBD69-6CB7-460E-988C-7024783CF4F4}.Debug|x64.Build.0 = Debug|x64
		{A7DFBD69-6CB7-460E-988C-7024783CF4F4}.Debug|x64.Deploy.0 = Debug|x64
		{A7DFBD69-6CB7-460E-988C-7024783CF4F4}.Debug|x86.ActiveCfg = Debug|Win32
		{A7DFBD69-6CB7-460E-988C-7024783CF4F4}.Debug|x86.Build.0 = Debug|Win32
		{A7DFBD69-6CB7-460E-988C-7024783CF4F4}.Debug|x86.Deploy.0 = Debug|Win32
		{A7DFBD69-6CB7-460E-988C-7024783CF4F4}.Profile|ARM.ActiveCfg = Release|ARM
		{A7DFBD69-6CB7-460E-988C-7024783CF4F4}.Profile|ARM.Build.0 = Release|ARM
		{A7DFBD69-6CB7-460E-988C-7024783CF4F4}.Profile|ARM.Deploy.0 = Release|ARM
		{A7DFBD69-6CB7-460E-988C-7024783CF4F4}.Profile|x64.ActiveCfg = Release|x64
		{A7DFBD69-6CB7-460E-988C-7024783CF4F4}.Profile|x64.Build.0 = Release|x64
		{A7DFBD69-6CB7-460E-988C-7024783CF4F4}.Profile|x64.Deploy.0 = Release|x64
		{A7DFBD69-6CB7-460E-988C-7024783CF4F4}.Profile|x86.ActiveCfg = Release|Win32
		{A7DFBD69-6CB7-460E-988C-7024783CF4F4}.Profile|x86.Build.0 = Release|Win32
		{A7DFBD69-6CB7-460E-988C-7024783CF4F4}.Profile|x86.Deploy.0 = Release|Win32
		{A7DFBD69-6CB7-460E-988C-7024783CF4F4}.Release|ARM.ActiveCfg = Release|ARM
		{A7DFBD69-6CB7-460E-988C-7024783CF4F4}.Release|ARM.Build.0 = Release|ARM
		{A7DFBD69-6CB7-460E-988C-7024783CF4F4}.Release|ARM.Deploy.0 = Release|ARM
		{A7DFBD69-6CB7-460E-988C-7024783CF4F4}.Release|x64.ActiveCfg = Release|x64
		{A7DFBD69-6CB7-460E-988C-7024783CF4F4}.Release|x64.Build.0 = Release|x64
		{A7DFBD69-6CB7-460E-988C-7024783CF4F4}.Release|x64.Deploy.0 = Release|x64
		{A7DFBD69-6CB7-460E-988C-7024783CF4F4}.Release|x86.ActiveCfg = Release|Win32
		{A7DFBD69-6CB7-460E-988C-7024783CF4F4}.Release|x86.Build.0 = Release|Win32
		{A7DFBD69-6CB7-460E-988C-7024783CF4F4}.Release|x86.Deploy.0 = Release|Win32
		{0912DE3E-E680-44A8-9FBE-69D2D38CE06F}.Debug|ARM.ActiveCfg = Debug|ARM
		{0912DE3E-E680-44A8-9FBE-69D2D38CE06F}.Debug|ARM.Build.0 = Debug|ARM
		{0912DE3E-E680-44A8-9FBE-69D2D38CE06F}.Debug|ARM.Deploy.0 = Debug|ARM
		{0912DE3E-E680-44A8-9FBE-69D2D38CE06F}.Debug|x64.ActiveCfg = Debug|x64
		{0912DE3E-E680-44A8-9FBE-69D2D38CE06F}.Debug|x64.Build.0 = Debug|x64
		{0912DE3E-E680-44A8-9FBE-69D2D38CE06F}.Debug|x64.Deploy.0 = Debug|x64
		{0912DE3E-E680-44A8-9FBE-69D2D38CE06F}.Debug|x86.ActiveCfg = Debug|Win32
		{0912DE3E-E680-44A8-9FBE-69D2D38CE06F}.Debug|x86.Build.0 = Debug|Win32
		{0912DE3E-E680-44A8-9FBE-69D2D38CE06F}.Debug|x86.Deploy.0 = Debug|Win32
		{0912DE3E-E680-44A8-9FBE-69D2D38CE06F}.Profile|ARM.ActiveCfg = Release|ARM
		{0912DE3E-E680-44A8-9FBE-69D2D38CE06F}.Profile|ARM.Build.0 = Release|ARM
		{0912DE3E-E680-44A8-9FBE-69D2D38CE06F}.Profile|ARM.Deploy.0 = Release|ARM
		{0912DE3E-E680-44A8-9FBE-69D2D38CE06F}.Profile|x64.ActiveCfg = Release|x64
		{0912DE3E-E680-44A8-9FBE-69D2D38CE06F}.Profile|x64.Build.0 = Release|x64
		{0912DE3E-E680-44A8-9FBE-69D2D38CE06F}.Profile|x64.Deploy.0 = Release|x64
		{0912DE3E-E680-44A8-9FBE-69D2D38CE06F}.Profile|x86.ActiveCfg = Release|Win32
		{0912DE3E-E680-44A8-9FBE-69D2D38CE06F}.Profile|x86.Build.0 = Release|Win32
		{0912DE3E-E680-44A8-9FBE-69D2D38CE06F}.Profile|x86.Deploy.0 = Release|Win32
		{0912DE3E-E680-44A8-9FBE-69D2D38CE06F}.Release|ARM.ActiveCfg = Release|ARM
		{0912DE3E-E680-44A8-9FBE-69D2D38CE06F}.Release|ARM.Build.0 = Release|ARM
		{0912DE3E-E680-44A8-9FBE-69D2D38CE06F}.Release|ARM.Deploy.0 = Release|ARM
		{0912DE3E-E680-44A8-9FBE-69D2D38CE06F}.Release|x64.ActiveCfg = Release|x64
		{0912DE3E-E680-44A8-9FBE-69D2D38CE06F}.Release|x64.Build.0 = Release|x64
		{0912DE3E-E680-44A8-9FBE-69D2D38CE06F}.Release|x64.Deploy.0 = Release|x64
		{0912DE3E-E680-44A8-9FBE-69D2D38CE06F}.Release|x86.ActiveCfg = Release|Win32
		{0912DE3E-E680-44A8-9FBE-69D2D38CE06F}.Release|x86.Build.0 = Release|Win32
		{0912DE3E-E680-44A8-9FBE-69D2D38CE06F}.Release|x86.Deploy.0 = Release|Win32
		{DAA7F5BD-252D-4853-A460-68EA7CA8DD09}.Debug|ARM.ActiveCfg = Debug|ARM
		{DAA7F5BD-252D-4853-A460-68EA7CA8DD09}.Debug|ARM.Build.0 = Debug|ARM
		{DAA7F5BD-252D-4853-A460-68EA7CA8DD09}.Debug|ARM.Deploy.0 = Debug|ARM
		{DAA7F5BD-252D-4853-A460-68EA7CA8DD09}.Debug|x64.ActiveCfg = Debug|x64
		{DAA7F5BD-252D-4853-A460-68EA7CA8DD09}.Debug|x64.Build.0 = Debug|x64
		{DAA7F5BD-252D-4853-A460-68EA7CA8DD09}.Debug|x64.Deploy.0 = Debug|x64
		{DAA7F5BD-252D-4853-A460-68EA7CA8DD09}.Debug|x86.ActiveCfg = Debug|Win32
		{DAA7F5BD-252D-4853-A460-68EA7CA8DD09}.Debug|x86.Build.0 = Debug|Win32
		{DAA7F5BD-252D-4853-A460-68EA7CA8DD09}.Debug|x86.Deploy.0 = Debug|Win32
		{DAA7F5BD-252D-4853-A460-68EA7CA8DD09}.Profile|ARM.ActiveCfg = Release|ARM
		{DAA7F5BD-252D-4853-A460-68EA7CA8DD09}.Profile|ARM.Build.0 = Release|ARM
		{DAA7F5BD-252D-4853-A460-68EA7CA8DD09}.Profile|ARM.Deploy.0 = Release|ARM
		{DAA7F5BD-252D-4853-A460-68EA7CA8DD09}.Profile|x64.ActiveCfg = Release|x64
		{DAA7F5BD-252D-4853-A460-68EA7CA8DD09}.Profile|x64.Build.0 = Release|x64
		{DAA7F5BD-252D-4853-A460-68EA7CA8DD09}.Profile|x64.Deploy.0 = Release|x64
		{DAA7F5BD-252D-4853-A460-68EA7CA8DD09}.Profile|x86.ActiveCfg = Release|Win32
		{DAA7F5BD-252D-4853-A460-68EA7CA8DD09}.Profile|x86.Build.0 = Release|Win32
		{DAA7F5BD-252D-4853-A460-68EA7CA8DD09}.Profile|x86.Deploy.0 = Release|Win32
		{DAA7F5BD-252D-4853-A460-68EA7CA8DD09}.Release|ARM.ActiveCfg = Release|ARM
		{DAA7F5BD-252D-4853-A460-68EA7CA8DD09}.Release|ARM.Build.0 = Release|ARM
		{DAA7F5BD-252D-4853-A460-68EA7CA8DD09}.Release|ARM.Deploy.0 = Release|ARM
		{DAA7F5BD-252D-4853-A460-68EA7CA8DD09}.Release|x64.ActiveCfg = Release|x64
		{DAA7F5BD-252D-4853-A460-68EA7CA8DD09}.Release|x64.Build.0 = Release|x64
		{DAA7F5BD-252D-4853-A460-68EA7CA8DD09}.Release|x64.Deploy.0 = Release|x64
		{DAA7F5BD-252D-4853-A460-68EA7CA8DD09}.Release|x86.ActiveCfg = Release|Win32
		{DAA7F5BD-252D-4853-A460-68EA7CA8DD09}.Release|x86.Build.0 = Release|Win32
		{DAA7F5BD-252D-4853-A460-68EA7CA8DD09}.Release|x86.Deploy.0 = Release|Win32
		{F1FE3984-96A4-48C3-BE37-915FAECC88B9}.Debug|ARM.ActiveCfg = Debug|ARM
		{F1FE3984-96A4-48C3-BE37-915FAECC88B9}.Debug|ARM.Build.0 = Debug|ARM
		{F1FE3984-96A4-48C3-BE37-915FAECC88B9}.Debug|ARM.Deploy.0 = Debug|ARM
		{F1FE3984-96A4-48C3-BE37-915FAECC88B9}.Debug|x64.ActiveCfg = Debug|x64
		{F1FE3984-96A4-48C3-BE37-915FAECC88B9}.Debug|x64.Build.0 = Debug|x64
		{F1FE3984-96A4-48C3-BE37-915FAECC88B9}.Debug|x64.Deploy.0 = Debug|x64
		{F1FE3984-96A4-48C3-BE37-915FAECC88B9}.Debug|x86.ActiveCfg = Debug|Win32
		{F1FE3984-96A4-48C3-BE37-915FAECC88B9}.Debug|x86.Build.0 = Debug|Win32
		{F1FE3984-96A4-48C3-BE37-915FAECC88B9}.Debug|x86.Deploy.0 = Debug|Win32
		{F1FE3984-96A4-48C3-BE37-915FAECC88B9}.Profile|ARM.ActiveCfg = Release|ARM
		{F1FE3984-96A4-48C3-BE37-915FAECC88B9}.Profile|ARM.Build.0 = Release|ARM
		{F1FE3984-96A4-48C3-BE37-915FAECC88B9}.Profile|ARM.Deploy.0 = Release|ARM
		{F1FE3984-96A4-48C3-BE37-915FAECC88B9}.Profile|x64.ActiveCfg = Release|x64
		{F1FE3984-96A4-48C3-BE37-915FAECC88B9}.Profile|x64.Build.0 = Release|x64
		{F1FE3984-96A4-48C3-BE37-915FAECC88B9}.Profile|x64.Deploy.0 = Release|x64
		{F1FE3984-96A4-48C3-BE37-915FAECC88B9}.Profile|x86.ActiveCfg = Release|Win32
		{F1FE3984-96A4-48C3-BE37-915FAECC88B9}.Profile|x86.Build.0 = Release|Win32
		{F1FE3984-96A4-48C3-BE37-915FAECC88B9}.Profile|x86.Deploy.0 = Release|Win32
		{F1FE3984-96A4-48C3-BE37-915FAECC88B9}.Release|ARM.ActiveCfg = Release|ARM
		{F1FE3984-96A4-48C3-BE37-915FAECC88B9}.Release|ARM.Build.0 = Release|ARM
		{F1FE3984-96A4-48C3-BE37-915FAECC88B9}.Release|ARM.Deploy.0 = Release|ARM
		{F1FE3984-96A4-48C3-BE37-915FAECC88B9}.Release|x64.ActiveCfg = Release|x64
		{F1FE3984-96A4-48C3-BE37-915FAECC88B9}.Release|x64.Build.0 = Release|x64
		{F1FE3984-96A4-48C3-BE37-915FAECC88B9}.Release|x64.Deploy.0 = Release|x64
		{F1FE3984-96A4-48C3-BE37-915FAECC88B9}.Release|x86.ActiveCfg = Release|Win32
		{F1FE3984-96A4-48C3-BE37-915FAECC88B9}.Release|x86.Build.0 = Release|Win32
		{F1FE3984-96A4-48C3-BE37-915FAECC88B9}.Release|x86.Deploy.0 = Release|Win32
		{2497F9BA-4703-4100-932B-84CDF58745DB}.Debug|ARM.ActiveCfg = Debug|ARM
		{2497F9BA-4703-4100-932B-84CDF58745DB}.Debug|ARM.Build.0 = Debug|ARM
		{2497F9BA-4703-4100-932B-84CDF58745DB}.Debug|ARM.Deploy.0 = Debug|ARM
		{2497F9BA-4703-4100-932B-84CDF58745DB}.Debug|x64.ActiveCfg = Debug|x64
		{2497F9BA-4703-4100-932B-84CDF58745DB}.Debug|x64.Build.0 = Debug|x64
		{2497F9BA-4703-4100-932B-84CDF58745DB}.Debug|x64.Deploy.0 = Debug|x64
		{2497F9BA-4703-4100-932B-84CDF58745DB}.Debug|x86.ActiveCfg = Debug|Win32
		{2497F9BA-4703-4100-932B-84CDF58745DB}.Debug|x86.Build.0 = Debug|Win32
		{2497F9BA-4703-4100-932B-84CDF58745DB}.Debug|x86.Deploy.0 = Debug|Win32
		{2497F9BA-4703-4100-932B-84CDF58745DB}.Profile|ARM.ActiveCfg = Release|ARM
		{2497F9BA-4703-4100-932B-84CDF58745DB}.Profile|ARM.Build.0 = Release|ARM
		{2497F9BA-4703-4100-932B-84CDF58745DB}.Profile|ARM.Deploy.0 = Release|ARM
		{2497F9BA-4703-4100-932B-84CDF58745DB}.Profile|x64.ActiveCfg = Release|x64
		{2497F9BA-4703-4100-932B-84CDF58745DB}.Profile|x64.Build.0 = Release|x64
		{2497F9BA-4703-4100-932B-84CDF58745DB}.Profile|x64.Deploy.0 = Release|x64
		{2497F9BA-4703-4100-932B-84CDF58745DB}.Profile|x86.ActiveCfg = Release|Win32
		{2497F9BA-4703-4100-932B-84CDF58745DB}.Profile|x86.Build.0 = Release|Win32
		{2497F9BA-4703-4100-932B-84CDF58745DB}.Profile|x86.Deploy.0 = Release|Win32
		{2497F9BA-4703-4100-932B-84CDF58745DB}.Release|ARM.ActiveCfg = Release|ARM
		{2497F9BA-4703-4100-932B-84CDF58745DB}.Release|ARM.Build.0 = Release|ARM
		{2497F9BA-4703-4100-932B-84CDF58745DB}.Release|ARM.Deploy.0 = Release|ARM
		{2497F9BA-4703-4100-932B-84CDF58745DB}.Release|x64.ActiveCfg = Release|x64
		{2497F9BA-4703-4100-932B-84CDF58745DB}.Release|x64.Build.0 = Release|x64
		{2497F9BA-4703-4100-932B-84CDF58745DB}.Release|x64.Deploy.0 = Release|x64
		{2497F9BA-4703-4100-932B-84CDF58745DB}.Release|x86.ActiveCfg = Release|Win32
		{2497F9BA-4703-4100-932B-84CDF58745DB}.Release|x86.Build.0 = Release|Win32
		{2497F9BA-4703-4100-932B-84CDF58745DB}.Release|x86.Deploy.0 = Release|Win32
		{147EA89D-47B5-4390-82BA-BC215E07DD4C}.Debug|ARM.ActiveCfg = Debug|ARM
		{147EA89D-47B5-4390-82BA-BC215E07DD4C}.Debug|ARM.Build.0 = Debug|ARM
		{147EA89D-47B5-4390-82BA-BC215E07DD4C}.Debug|ARM.Deploy.0 = Debug|ARM
		{147EA89D-47B5-4390-82BA-BC215E07DD4C}.Debug|x64.ActiveCfg = Debug|x64
		{147EA89D-47B5-4390-82BA-BC215E07DD4C}.Debug|x64.Build.0 = Debug|x64
		{147EA89D-47B5-4390-82BA-BC215E07DD4C}.Debug|x64.Deploy.0 = Debug|x64
		{147EA89D-47B5-4390-82BA-BC215E07DD4C}.Debug|x86.ActiveCfg = Debug|Win32
		{147EA89D-47B5-4390-82BA-BC215E07DD4C}.Debug|x86.Build.0 = Debug|Win32
		{147EA89D-47B5-4390-82BA-BC215E07DD4C}.Debug|x86.Deploy.0 = Debug|Win32
		{147EA89D-47B5-4390-82BA-BC215E07DD4C}.Profile|ARM.ActiveCfg = Release|ARM
		{147EA89D-47B5-4390-82BA-BC215E07DD4C}.Profile|ARM.Build.0 = Release|ARM
		{147EA89D-47B5-4390-82BA-BC215E07DD4C}.Profile|ARM.Deploy.0 = Release|ARM
		{147EA89D-47B5-4390-82BA-BC215E07DD4C}.Profile|x64.ActiveCfg = Release|x64
		{147EA89D-47B5-4390-82BA-BC215E07DD4C}.Profile|x64.Build.0 = Release|x64
		{147EA89D-47B5-4390-82BA-BC215E07DD4C}.Profile|x64.Deploy.0 = Release|x64
		{147EA89D-47B5-4390-82BA-BC215E07DD4C}.Profile|x86.ActiveCfg = Release|Win32
		{147EA89D-47B5-4390-82BA-BC215E07DD4C}.Profile|x86.Build.0 = Release|Win32
		{147EA89D-47B5-4390-82BA-BC215E07DD4C}.Profile|x86.Deploy.0 = Release|Win32
		{147EA89D-47B5-4390-82BA-BC215E07DD4C}.Release|ARM.ActiveCfg = Release|ARM
		{147EA89D-47B5-4390-82BA-BC215E07DD4C}.Release|ARM.Build.0 = Release|ARM
		{147EA89D-47B5-4390-82BA-BC215E07DD4C}.Release|ARM.Deploy.0 = Release|ARM
		{147EA89D-47B5-4390-82BA-BC215E07DD4C}.Release|x64.ActiveCfg = Release|x64
		{147EA89D-47B5-4390-82BA-BC215E07DD4C}.Release|x64.Build.0 = Release|x64
		{147EA89D-47B5-4390-82BA-BC215E07DD4C}.Release|x64.Deploy.0 = Release|x64
		{147EA89D-47B5-4390-82BA-BC215E07DD4C}.Release|x86.ActiveCfg = Release|Win32
		{147EA89D-47B5-4390-82BA-BC215E07DD4C}.Release|x86.Build.0 = Release|Win32
		{147EA89D-47B5-4390-82BA-BC215E07DD4C}.Release|x86.Deploy.0 = Release|Win32
		{47E48D1B-4730-457C-AF88-7B3291E5797D}.Debug|ARM.ActiveCfg = Debug|ARM
		{47E48D1B-4730-457C-AF88-7B3291E5797D}.Debug|ARM.Build.0 = Debug|ARM
		{47E48D1B-4730-457C-AF88-7B3291E5797D}.Debug|ARM.Deploy.0 = Debug|ARM
		{47E48D1B-4730-457C-AF88-7B3291E5797D}.Debug|x64.ActiveCfg = Debug|x64
		{47E48D1B-4730-457C-AF88-7B3291E5797D}.Debug|x64.Build.0 = Debug|x64
		{47E48D1B-4730-457C-AF88-7B3291E5797D}.Debug|x64.Deploy.0 = Debug|x64
		{47E48D1B-4730-457C-AF88-7B3291E5797D}.Debug|x86.ActiveCfg = Debug|Win32
		{47E48D1B-4730-457C-AF88-7B3291E5797D}.Debug|x86.Build.0 = Debug|Win32
		{47E48D1B-4730-457C-AF88-7B3291E5797D}.Debug|x86.Deploy.0 = Debug|Win32
		{47E48D1B-4730-457C-AF88-7B3291E5797D}.Profile|ARM.ActiveCfg = Release|ARM
		{47E48D1B-4730-457C-AF88-7B3291E5797D}.Profile|ARM.Build.0 = Release|ARM
		{47E48D1B-4730-457C-AF88-7B3291E5797D}.Profile|ARM.Deploy.0 = Release|ARM
		{47E48D1B-4730-457C-AF88-7B3291E5797D}.Profile|x64.ActiveCfg = Release|x64
		{47E48D1B-4730-457C-AF88-7B3291E5797D}.Profile|x64.Build.0 = Release|x64
		{47E48D1B-4730-457C-AF88-7B3291E5797D}.Profile|x64.Deploy.0 = Release|x64
		{47E48D1B-4730-457C-AF88-7B3291E5797D}.Profile|x86.ActiveCfg = Release|Win32
		{47E48D1B-4730-457C-AF88-7B3291E5797D}.Profile|x86.Build.0 = Release|Win32
		{47E48D1B-4730-457C-AF88-7B3291E5797D}.Profile|x86.Deploy.0 = Release|Win32
		{47E48D1B-4730-457C-AF88-7B3291E5797D}.Release|ARM.ActiveCfg = Release|ARM
		{47E48D1B-4730-457C-AF88-7B3291E5797D}.Release|ARM.Build.0 = Release|ARM
		{47E48D1B-4730-457C-AF88-7B3291E5797D}.Release|ARM.Deploy.0 = Release|ARM
		{47E48D1B-4730-457C-AF88-7B3291E5797D}.Release|x64.ActiveCfg = Release|x64
		{47E48D1B-4730-457C-AF88-7B3291E5797D}.Release|x64.Build.0 = Release|x64
		{47E48D1B-4730-457C-AF88-7B3291E5797D}.Release|x64.Deploy.0 = Release|x64
		{47E48D1B-4730-457C-AF88-7B3291E5797D}.Release|x86.ActiveCfg = Release|Win32
		{47E48D1B-4730-457C-AF88-7B3291E5797D}.Release|x86.Build.0 = Release|Win32
		{47E48D1B-4730-457C-AF88-7B3291E5797D}.Release|x86.Deploy.0 = Release|Win32
		{443FC2CA-AF52-494D-A511-272D83D66005}.Debug|ARM.ActiveCfg = Debug|ARM
		{443FC2CA-AF52-494D-A511-272D83D66005}.Debug|ARM.Build.0 = Debug|ARM
		{443FC2CA-AF52-494D-A511-272D83D66005}.Debug|ARM.Deploy.0 = Debug|ARM
		{443FC2CA-AF52-494D-A511-272D83D66005}.Debug|x64.ActiveCfg = Debug|x64
		{443FC2CA-AF52-494D-A511-272D83D66005}.Debug|x64.Build.0 = Debug|x64
		{443FC2CA-AF52-494D-A511-272D83D66005}.Debug|x64.Deploy.0 = Debug|x64
		{443FC2CA-AF52-494D-A511-272D83D66005}.Debug|x86.ActiveCfg = Debug|Win32
		{443FC2CA-AF52-494D-A511-272D83D66005}.Debug|x86.Build.0 = Debug|Win32
		{443FC2CA-AF52-494D-A511-272D83D66005}.Debug|x86.Deploy.0 = Debug|Win32
		{443FC2CA-AF52-494D-A511-272D83D66005}.Profile|ARM.ActiveCfg = Release|ARM
		{443FC2CA-AF52-494D-A511-272D83D66005}.Profile|ARM.Build.0 = Release|ARM
		{443FC2CA-AF52-494D-A511-272D83D66005}.Profile|ARM.Deploy.0 = Release|ARM
		{443FC2CA-AF52-494D-A511-272D83D66005}.Profile|x64.ActiveCfg = Release|x64
		{443FC2CA-AF52-494D-A511-272D83D66005}.Profile|x64.Build.0 = Release|x64
		{443FC2CA-AF52-494D-A511-272D83D66005}.Profile|x64.Deploy.0 = Release|x64
		{443FC2CA-AF52-494D-A511-272D83D66005}.Profile|x86.ActiveCfg = Release|Win32
		{443FC2CA-AF52-494D-A511-272D83D66005}.Profile|x86.Build.0 = Release|Win32
		{443FC2CA-AF52-494D-A511-272D83D66005}.Profile|x86.Deploy.0 = Release|Win32
		{443FC2CA-AF52-494D-A511-272D83D66005}.Release|ARM.ActiveCfg = Release|ARM
		{443FC2CA-AF52-494D-A511-272D83D66005}.Release|ARM.Build.0 = Release|ARM
		{443FC2CA-AF52-494D-A511-272D83D66005}.Release|ARM.Deploy.0 = Release|ARM
		{443FC2CA-AF52-494D-A511-272D83D66005}.Release|x64.ActiveCfg = Release|x64
		{443FC2CA-AF52-494D-A511-272D83D66005}.Release|x64.Build.0 = Release|x64
		{443FC2CA-AF52-494D-A511-272D83D66005}.Release|x64.Deploy.0 = Release|x64
		{443FC2CA-AF52-494D-A511-272D83D66005}.Release|x86.ActiveCfg = Release|Win32
		{443FC2CA-AF52-494D-A511-272D83D66005}.Release|x86.Build.0 = Release|Win32
		{443FC2CA-AF52-494D-A511-272D83D66005}.Release|x86.Deploy.0 = Release|Win32
		{719469CD-C8E0-4AB7-8938-330A1F38A0C4}.Debug|ARM.ActiveCfg = Debug|ARM
		{719469CD-C8E0-4AB7-8938-330A1F38A0C4}.Debug|ARM.Build.0 = Debug|ARM
		{719469CD-C8E0-4AB7-8938-330A1F38A0C4}.Debug|ARM.Deploy.0 = Debug|ARM
		{719469CD-C8E0-4AB7-8938-330A1F38A0C4}.Debug|x64.ActiveCfg = Debug|x64
		{719469CD-C8E0-4AB7-8938-330A1F38A0C4}.Debug|x64.Build.0 = Debug|x64
		{719469CD-C8E0-4AB7-8938-330A1F38A0C4}.Debug|x64.Deploy.0 = Debug|x64
		{719469CD-C8E0-4AB7-8938-330A1F38A0C4}.Debug|x86.ActiveCfg = Debug|Win32
		{719469CD-C8E0-4AB7-8938-330A1F38A0C4}.Debug|x86.Build.0 = Debug|Win32
		{719469CD-C8E0-4AB7-8938-330A1F38A0C4}.Debug|x86.Deploy.0 = Debug|Win32
		{719469CD-C8E0-4AB7-8938-330A1F38A0C4}.Profile|ARM.ActiveCfg = Release|ARM
		{719469CD-C8E0-4AB7-8938-330A1F38A0C4}.Profile|ARM.Build.0 = Release|ARM
		{719469CD-C8E0-4AB7-8938-330A1F38A0C4}.Profile|ARM.Deploy.0 = Release|ARM
		{719469CD-C8E0-4AB7-8938-330A1F38A0C4}.Profile|x64.ActiveCfg = Release|x64
		{719469CD-C8E0-4AB7-8938-330A1F38A0C4}.Profile|x64.Build.0 = Release|x64
		{719469CD-C8E0-4AB7-8938-330A1F38A0C4}.Profile|x64.Deploy.0 = Release|x64
		{719469CD-C8E0-4AB7-8938-330A1F38A0C4}.Profile|x86.ActiveCfg = Release|Win32
		{719469CD-C8E0-4AB7-8938-330A1F38A0C4}.Profile|x86.Build.0 = Release|Win32
		{719469CD-C8E0-4AB7-8938-330A1F38A0C4}.Profile|x86.Deploy.0 = Release|Win32
		{719469CD-C8E0-4AB7-8938-330A1F38A0C4}.Release|ARM.ActiveCfg = Release|ARM
		{719469CD-C8E0-4AB7-8938-330A1F38A0C4}.Release|ARM.Build.0 = Release|ARM
		{719469CD-C8E0-4AB7-8938-330A1F38A0C4}.Release|ARM.Deploy.0 = Release|ARM
		{719469CD-C8E0-4AB7-8938-330A1F38A0C4}.Release|x64.ActiveCfg = Release|x64
		{719469CD-C8E0-4AB7-8938-330A1F38A0C4}.Release|x64.Build.0 = Release|x64
		{719469CD-C8E0-4AB7-8938-330A1F38A0C4}.Release|x64.Deploy.0 = Release|x64
		{719469CD-C8E0-4AB7-8938-330A1F38A0C4}.Release|x86.ActiveCfg = Release|Win32
		{719469CD-C8E0-4AB7-8938-330A1F38A0C4}.Release|x86.Build.0 = Release|Win32
		{719469CD-C8E0-4AB7-8938-330A1F38A0C4}.Release|x86.Deploy.0 = Release|Win32
		{D3132315-EA08-45A6-9CB2-3EF0EA9C9AA5}.Debug|ARM.ActiveCfg = Debug|ARM
		{D3132315-EA08-45A6-9CB2-3EF0EA9C9AA5}.Debug|ARM.Build.0 = Debug|ARM
		{D3132315-EA08-45A6-9CB2-3EF0EA9C9AA5}.Debug|ARM.Deploy.0 = Debug|ARM
		{D3132315-EA08-45A6-9CB2-3EF0EA9C9AA5}.Debug|x64.ActiveCfg = Debug|x64
		{D3132315-EA08-45A6-9CB2-3EF0EA9C9AA5}.Debug|x64.Build.0 = Debug|x64
		{D3132315-EA08-45A6-9CB2-3EF0EA9C9AA5}.Debug|x64.Deploy.0 = Debug|x64
		{D3132315-EA08-45A6-9CB2-3EF0EA9C9AA5}.Debug|x86.ActiveCfg = Debug|Win32
		{D3132315-EA08-45A6-9CB2-3EF0EA9C9AA5}.Debug|x86.Build.0 = Debug|Win32
		{D3132315-EA08-45A6-9CB2-3EF0EA9C9AA5}.Debug|x86.Deploy.0 = Debug|Win32
		{D3132315-EA08-45A6-9CB2-3EF0EA9C9AA5}.Profile|ARM.ActiveCfg = Release|ARM
		{D3132315-EA08-45A6-9CB2-3EF0EA9C9AA5}.Profile|ARM.Build.0 = Release|ARM
		{D3132315-EA08-45A6-9CB2-3EF0EA9C9AA5}.Profile|ARM.Deploy.0 = Release|ARM
		{D3132315-EA08-45A6-9CB2-3EF0EA9C9AA5}.Profile|x64.ActiveCfg = Release|x64
		{D3132315-EA08-45A6-9CB2-3EF0EA9C9AA5}.Profile|x64.Build.0 = Release|x64
		{D3132315-EA08-45A6-9CB2-3EF0EA9C9AA5}.Profile|x64.Deploy.0 = Release|x64
		{D3132315-EA08-45A6-9CB2-3EF0EA9C9AA5}.Profile|x86.ActiveCfg = Release|Win32
		{D3132315-EA08-45A6-9CB2-3EF0EA9C9AA5}.Profile|x86.Build.0 = Release|Win32
		{D3132315-EA08-45A6-9CB2-3EF0EA9C9AA5}.Profile|x86.Deploy.0 = Release|Win32
		{D3132315-EA08-45A6-9CB2-3EF0EA9C9AA5}.Release|ARM.ActiveCfg = Release|ARM
		{D3132315-EA08-45A6-9CB2-3EF0EA9C9AA5}.Release|ARM.Build.0 = Release|ARM
		{D3132315-EA08-45A6-9CB2-3EF0EA9C9AA5}.Release|ARM.Deploy.0 = Release|ARM
		{D3132315-EA08-45A6-9CB2-3EF0EA9C9AA5}.Release|x64.ActiveCfg = Release|x64
		{D3132315-EA08-45A6-9CB2-3EF0EA9C9AA5}.Release|x64.Build.0 = Release|x64
		{D3132315-EA08-45A6-9CB2-3EF0EA9C9AA5}.Release|x64.Deploy.0 = Release|x64
		{D3132315-EA08-45A6-9CB2-3EF0EA9C9AA5}.Release|x86.ActiveCfg = Release|Win32
		{D3132315-EA08-45A6-9CB2-3EF0EA9C9AA5}.Release|x86.Build.0 = Release|Win32
		{D3132315-EA08-45A6-9CB2-3EF0EA9C9AA5}.Release|x86.Deploy.0 = Release|Win32
		{2D8F0FB0-2D25-484C-AFD9-F31C98A94E25}.Debug|ARM.ActiveCfg = Debug|ARM
		{2D8F0FB0-2D25-484C-AFD9-F31C98A94E25}.Debug|ARM.Build.0 = Debug|ARM
		{2D8F0FB0-2D25-484C-AFD9-F31C98A94E25}.Debug|ARM.Deploy.0 = Debug|ARM
		{2D8F0FB0-2D25-484C-AFD9-F31C98A94E25}.Debug|x64.ActiveCfg = Debug|x64
		{2D8F0FB0-2D25-484C-AFD9-F31C98A94E25}.Debug|x64.Build.0 = Debug|x64
		{2D8F0FB0-2D25-484C-AFD9-F31C98A94E25}.Debug|x64.Deploy.0 = Debug|x64
		{2D8F0FB0-2D25-484C-AFD9-F31C98A94E25}.Debug|x86.ActiveCfg = Debug|Win32
		{2D8F0FB0-2D25-484C-AFD9-F31C98A94E25}.Debug|x86.Build.0 = Debug|Win32
		{2D8F0FB0-2D25-484C-AFD9-F31C98A94E25}.Debug|x86.Deploy.0 = Debug|Win32
		{2D8F0FB0-2D25-484C-AFD9-F31C98A94E25}.Profile|ARM.ActiveCfg = Release|ARM
		{2D8F0FB0-2D25-484C-AFD9-F31C98A94E25}.Profile|ARM.Build.0 = Release|ARM
		{2D8F0FB0-2D25-484C-AFD9-F31C98A94E25}.Profile|ARM.Deploy.0 = Release|ARM
		{2D8F0FB0-2D25-484C-AFD9-F31C98A94E25}.Profile|x64.ActiveCfg = Release|x64
		{2D8F0FB0-2D25-484C-AFD9-F31C98A94E25}.Profile|x64.Build.0 = Release|x64
		{2D8F0FB0-2D25-484C-AFD9-F31C98A94E25}.Profile|x64.Deploy.0 = Release|x64
		{2D8F0FB0-2D25-484C-AFD9-F31C98A94E25}.Profile|x86.ActiveCfg = Release|Win32
		{2D8F0FB0-2D25-484C-AFD9-F31C98A94E25}.Profile|x86.Build.0 = Release|Win32
		{2D8F0FB0-2D25-484C-AFD9-F31C98A94E25}.Profile|x86.Deploy.0 = Release|Win32
		{2D8F0FB0-2D25-484C-AFD9-F31C98A94E25}.Release|ARM.ActiveCfg = Release|ARM
		{2D8F0FB0-2D25-484C-AFD9-F31C98A94E25}.Release|ARM.Build.0 = Release|ARM
		{2D8F0FB0-2D25-484C-AFD9-F31C98A94E25}.Release|ARM.Deploy.0 = Release|ARM
		{2D8F0FB0-2D25-484C-AFD9-F31C98A94E25}.Release|x64.ActiveCfg = Release|x64
		{2D8F0FB0-2D25-484C-AFD9-F31C98A94E25}.Release|x64.Build.0 = Release|x64
		{2D8F0FB0-2D25-484C-AFD9-F31C98A94E25}.Release|x64.Deploy.0 = Release|x64
		{2D8F0FB0-2D25-484C-AFD9-F31C98A94E25}.Release|x86.ActiveCfg = Release|Win32
		{2D8F0FB0-2D25-484C-AFD9-F31C98A94E25}.Release|x86.Build.0 = Release|Win32
		{2D8F0FB0-2D25-484C-AFD9-F31C98A94E25}.Release|x86.Deploy.0 = Release|Win32
		{675C0607-DD83-45F6-A2FE-29B28B53B39F}.Debug|ARM.ActiveCfg = Debug|ARM
		{675C0607-DD83-45F6-A2FE-29B28B53B39F}.Debug|ARM.Build.0 = Debug|ARM
		{675C0607-DD83-45F6-A2FE-29B28B53B39F}.Debug|ARM.Deploy.0 = Debug|ARM
		{675C0607-DD83-45F6-A2FE-29B28B53B39F}.Debug|x64.ActiveCfg = Debug|x64
		{675C0607-DD83-45F6-A2FE-29B28B53B39F}.Debug|x64.Build.0 = Debug|x64
		{675C0607-DD83-45F6-A2FE-29B28B53B39F}.Debug|x64.Deploy.0 = Debug|x64
		{675C0607-DD83-45F6-A2FE-29B28B53B39F}.Debug|x86.ActiveCfg = Debug|Win32
		{675C0607-DD83-45F6-A2FE-29B28B53B39F}.Debug|x86.Build.0 = Debug|Win32
		{675C0607-DD83-45F6-A2FE-29B28B53B39F}.Debug|x86.Deploy.0 = Debug|Win32
		{675C0607-DD83-45F6-A2FE-29B28B53B39F}.Profile|ARM.ActiveCfg = Release|ARM
		{675C0607-DD83-45F6-A2FE-29B28B53B39F}.Profile|ARM.Build.0 = Release|ARM
		{675C0607-DD83-45F6-A2FE-29B28B53B39F}.Profile|ARM.Deploy.0 = Release|ARM
		{675C0607-DD83-45F6-A2FE-29B28B53B39F}.Profile|x64.ActiveCfg = Release|x64
		{675C0607-DD83-45F6-A2FE-29B28B53B39F}.Profile|x64.Build.0 = Release|x64
		{675C0607-DD83-45F6-A2FE-29B28B53B39F}.Profile|x64.Deploy.0 = Release|x64
		{675C0607-DD83-45F6-A2FE-29B28B53B39F}.Profile|x86.ActiveCfg = Release|Win32
		{675C0607-DD83-45F6-A2FE-29B28B53B39F}.Profile|x86.Build.0 = Release|Win32
		{675C0607-DD83-45F6-A2FE-29B28B53B39F}.Profile|x86.Deploy.0 = Release|Win32
		{675C0607-DD83-45F6-A2FE-29B28B53B39F}.Release|ARM.ActiveCfg = Release|ARM
		{675C0607-DD83-45F6-A2FE-29B28B53B39F}.Release|ARM.Build.0 = Release|ARM
		{675C0607-DD83-45F6-A2FE-29B28B53B39F}.Release|ARM.Deploy.0 = Release|ARM
		{675C0607-DD83-45F6-A2FE-29B28B53B39F}.Release|x64.ActiveCfg = Release|x64
		{675C0607-DD83-45F6-A2FE-29B28B53B39F}.Release|x64.Build.0 = Release|x64
		{675C0607-DD83-45F6-A2FE-29B28B53B39F}.Release|x64.Deploy.0 = Release|x64
		{675C0607-DD83-45F6-A2FE-29B28B53B39F}.Release|x86.ActiveCfg = Release|Win32
		{675C0607-DD83-45F6-A2FE-29B28B53B39F}.Release|x86.Build.0 = Release|Win32
		{675C0607-DD83-45F6-A2FE-29B28B53B39F}.Release|x86.Deploy.0 = Release|Win32
		{272EF9D8-9362-4A18-B0AE-D5230C5D2067}.Debug|ARM.ActiveCfg = Debug|ARM
		{272EF9D8-9362-4A18-B0AE-D5230C5D2067}.Debug|ARM.Build.0 = Debug|ARM
		{272EF9D8-9362-4A18-B0AE-D5230C5D2067}.Debug|ARM.Deploy.0 = Debug|ARM
		{272EF9D8-9362-4A18-B0AE-D5230C5D2067}.Debug|x64.ActiveCfg = Debug|x64
		{272EF9D8-9362-4A18-B0AE-D5230C5D2067}.Debug|x64.Build.0 = Debug|x64
		{272EF9D8-9362-4A18-B0AE-D5230C5D2067}.Debug|x64.Deploy.0 = Debug|x64
		{272EF9D8-9362-4A18-B0AE-D5230C5D2067}.Debug|x86.ActiveCfg = Debug|Win32
		{272EF9D8-9362-4A18-B0AE-D5230C5D2067}.Debug|x86.Build.0 = Debug|Win32
		{272EF9D8-9362-4A18-B0AE-D5230C5D2067}.Debug|x86.Deploy.0 = Debug|Win32
		{272EF9D8-9362-4A18-B0AE-D5230C5D2067}.Profile|ARM.ActiveCfg = Release|ARM
		{272EF9D8-9362-4A18-B0AE-D5230C5D2067}.Profile|ARM.Build.0 = Release|ARM
		{272EF9D8-9362-4A18-B0AE-D5230C5D2067}.Profile|ARM.Deploy.0 = Release|ARM
		{272EF9D8-9362-4A18-B0AE-D5230C5D2067}.Profile|x64.ActiveCfg = Release|x64
		{272EF9D8-9362-4A18-B0AE-D5230C5D2067}.Profile|x64.Build.0 = Release|x64
		{272EF9D8-9362-4A18-B0AE-D5230C5D2067}.Profile|x64.Deploy.0 = Release|x64
		{272EF9D8-9362-4A18-B0AE-D5230C5D2067}.Profile|x86.ActiveCfg = Release|Win32
		{272EF9D8-9362-4A18-B0AE-D5230C5D2067}.Profile|x86.Build.0 = Release|Win32
		{272EF9D8-9362-4A18-B0AE-D5230C5D2067}.Profile|x86.Deploy.0 = Release|Win32
		{272EF9D8-9362-4A18-B0AE-D5230C5D2067}.Release|ARM.ActiveCfg = Release|ARM
		{272EF9D8-9362-4A18-B0AE-D5230C5D2067}.Release|ARM.Build.0 = Release|ARM
		{272EF9D8-9362-4A18-B0AE-D5230C5D2067}.Release|ARM.Deploy.0 = Release|ARM
		{272EF9D8-9362-4A18-B0AE-D5230C5D2067}.Release|x64.ActiveCfg = Release|x64
		{272EF9D8-9362-4A18-B0AE-D5230C5D2067}.Release|x64.Build.0 = Release|x64
		{272EF9D8-9362-4A18-B0AE-D5230C5D2067}.Release|x64.Deploy.0 = Release|x64
		{272EF9D8-9362-4A18-B0AE-D5230C5D2067}.Release|x86.ActiveCfg = Release|Win32
		{272EF9D8-9362-4A18-B0AE-D5230C5D2067}.Release|x86.Build.0 = Release|Win32
		{272EF9D8-9362-4A18-B0AE-D5230C5D2067}.Release|x86.Deploy.0 = Release|Win32
		{6840A6EB-8578-4096-8C70-2EB6089D000E}.Debug|ARM.ActiveCfg = Debug|ARM
		{6840A6EB-8578-4096-8C70-2EB6089D000E}.Debug|ARM.Build.0 = Debug|ARM
		{6840A6EB-8578-4096-8C70-2EB6089D000E}.Debug|ARM.Deploy.0 = Debug|ARM
		{6840A6EB-8578-4096-8C70-2EB6089D000E}.Debug|x64.ActiveCfg = Debug|x64
		{6840A6EB-8578-4096-8C70-2EB6089D000E}.Debug|x64.Build.0 = Debug|x64
		{6840A6EB-8578-4096-8C70-2EB6089D000E}.Debug|x64.Deploy.0 = Debug|x64
		{6840A6EB-8578-4096-8C70-2EB6089D000E}.Debug|x86.ActiveCfg = Debug|Win32
		{6840A6EB-8578-4096-8C70-2EB6089D000E}.Debug|x86.Build.0 = Debug|Win32
		{6840A6EB-8578-4096-8C70-2EB6089D000E}.Debug|x86.Deploy.0 = Debug|Win32
		{6840A6EB-8578-4096-8C70-2EB6089D000E}.Profile|ARM.ActiveCfg = Release|ARM
		{6840A6EB-8578-4096-8C70-2EB6089D000E}.Profile|ARM.Build.0 = Release|ARM
		{6840A6EB-8578-4096-8C70-2EB6089D000E}.Profile|ARM.Deploy.0 = Release|ARM
		{6840A6EB-8578-4096-8C70-2EB6089D000E}.Profile|x64.ActiveCfg = Release|x64
		{6840A6EB-8578-4096-8C70-2EB6089D000E}.Profile|x64.Build.0 = Release|x64
		{6840A6EB-8578-4096-8C70-2EB6089D000E}.Profile|x64.Deploy.0 = Release|x64
		{6840A6EB-8578-4096-8C70-2EB6089D000E}.Profile|x86.ActiveCfg = Release|Win32
		{6840A6EB-8578-4096-8C70-2EB6089D000E}.Profile|x86.Build.0 = Release|Win32
		{6840A6EB-8578-4096-8C70-2EB6089D000E}.Profile|x86.Deploy.0 = Release|Win32
		{6840A6EB-8578-4096-8C70-2EB6089D000E}.Release|ARM.ActiveCfg = Release|ARM
		{6840A6EB-8578-4096-8C70-2EB6089D000E}.Release|ARM.Build.0 = Release|ARM
		{6840A6EB-8578-4096-8C70-2EB6089D000E}.Release|ARM.Deploy.0 = Release|ARM
		{6840A6EB-8578-4096-8C70-2EB6089D000E}.Release|x64.ActiveCfg = Release|x64
		{6840A6EB-8578-4096-8C70-2EB6089D000E}.Release|x64.Build.0 = Release|x64
		{6840A6EB-8578-4096-8C70-2EB6089D000E}.Release|x64.Deploy.0 = Release|x64
		{6840A6EB-8578-4096-8C70-2EB6089D000E}.Release|x86.ActiveCfg = Release|Win32
		{6840A6EB-8578-4096-8C70-2EB6089D000E}.Release|x86.Build.0 = Release|Win32
		{6840A6EB-8578-4096-8C70-2EB6089D000E}.Release|x86.Deploy.0 = Release|Win32
		{08D5AE1E-D0AC-4BE7-B9A7-BAE9FF8F1772}.Debug|ARM.ActiveCfg = Debug|ARM
		{08D5AE1E-D0AC-4BE7-B9A7-BAE9FF8F1772}.Debug|ARM.Build.0 = Debug|ARM
		{08D5AE1E-D0AC-4BE7-B9A7-BAE9FF8F1772}.Debug|ARM.Deploy.0 = Debug|ARM
		{08D5AE1E-D0AC-4BE7-B9A7-BAE9FF8F1772}.Debug|x64.ActiveCfg = Debug|x64
		{08D5AE1E-D0AC-4BE7-B9A7-BAE9FF8F1772}.Debug|x64.Build.0 = Debug|x64
		{08D5AE1E-D0AC-4BE7-B9A7-BAE9FF8F1772}.Debug|x64.Deploy.0 = Debug|x64
		{08D5AE1E-D0AC-4BE7-B9A7-BAE9FF8F1772}.Debug|x86.ActiveCfg = Debug|Win32
		{08D5AE1E-D0AC-4BE7-B9A7-BAE9FF8F1772}.Debug|x86.Build.0 = Debug|Win32
		{08D5AE1E-D0AC-4BE7-B9A7-BAE9FF8F1772}.Debug|x86.Deploy.0 = Debug|Win32
		{08D5AE1E-D0AC-4BE7-B9A7-BAE9FF8F1772}.Profile|ARM.ActiveCfg = Release|ARM
		{08D5AE1E-D0AC-4BE7-B9A7-BAE9FF8F1772}.Profile|ARM.Build.0 = Release|ARM
		{08D5AE1E-D0AC-4BE7-B9A7-BAE9FF8F1772}.Profile|ARM.Deploy.0 = Release|ARM
		{08D5AE1E-D0AC-4BE7-B9A7-BAE9FF8F1772}.Profile|x64.ActiveCfg = Release|x64
		{08D5AE1E-D0AC-4BE7-B9A7-BAE9FF8F1772}.Profile|x64.Build.0 = Release|x64
		{08D5AE1E-D0AC-4BE7-B9A7-BAE9FF8F1772}.Profile|x64.Deploy.0 = Release|x64
		{08D5AE1E-D0AC-4BE7-B9A7-BAE9FF8F1772}.Profile|x86.ActiveCfg = Release|Win32
		{08D5AE1E-D0AC-4BE7-B9A7-BAE9FF8F1772}.Profile|x86.Build.0 = Release|Win32
		{08D5AE1E-D0AC-4BE7-B9A7-BAE9FF8F1772}.Profile|x86.Deploy.0 = Release|Win32
		{08D5AE1E-D0AC-4BE7-B9A7-BAE9FF8F1772}.Release|ARM.ActiveCfg = Release|ARM
		{08D5AE1E-D0AC-4BE7-B9A7-BAE9FF8F1772}.Release|ARM.Build.0 = Release|ARM
		{08D5AE1E-D0AC-4BE7-B9A7-BAE9FF8F1772}.Release|ARM.Deploy.0 = Release|ARM
		{08D5AE1E-D0AC-4BE7-B9A7-BAE9FF8F1772}.Release|x64.ActiveCfg = Release|x64
		{08D5AE1E-D0AC-4BE7-B9A7-BAE9FF8F1772}.Release|x64.Build.0 = Release|x64
		{08D5AE1E-D0AC-4BE7-B9A7-BAE9FF8F1772}.Release|x64.Deploy.0 = Release|x64
		{08D5AE1E-D0AC-4BE7-B9A7-BAE9FF8F1772}.Release|x86.ActiveCfg = Release|Win32
		{08D5AE1E-D0AC-4BE7-B9A7-BAE9FF8F1772}.Release|x86.Build.0 = Release|Win32
		{08D5AE1E-D0AC-4BE7-B9A7-BAE9FF8F1772}.Release|x86.Deploy.0 = Release|Win32
	EndGlobalSection
	GlobalSection(SolutionProperties) = preSolution
		HideSolutionNode = FALSE
	EndGlobalSection
EndGlobal
