<?xml version="1.0" encoding="utf-8"?>
<Project ToolsVersion="14.0" xmlns="http://schemas.microsoft.com/developer/msbuild/2003">
  <ItemGroup>
    <Filter Include="Common">
      <UniqueIdentifier>8b3fe997-6b3f-4067-8562-997560a427f2</UniqueIdentifier>
    </Filter>
    <Filter Include="Assets">
      <UniqueIdentifier>8f3376ad-7613-40d2-8c44-87714051acd0</UniqueIdentifier>
      <Extensions>bmp;fbx;gif;jpg;jpeg;tga;tiff;tif;png</Extensions>
    </Filter>
    <Filter Include="Content">
      <UniqueIdentifier>{df1d5773-8da0-45dd-a411-c5000a06c66e}</UniqueIdentifier>
    </Filter>
  </ItemGroup>
  <ItemGroup>
    <ApplicationDefinition Include="App.xaml" />
  </ItemGroup>
  <ItemGroup>
    <ClCompile Include="App.xaml.cpp" />
    <ClCompile Include="MainPage.xaml.cpp" />
    <ClCompile Include="pch.cpp" />
    <ClCompile Include="Common\DeviceResources.cpp">
      <Filter>Common</Filter>
    </ClCompile>
    <ClCompile Include="Content\Sample3DSceneRenderer.cpp">
      <Filter>Content</Filter>
    </ClCompile>
    <ClCompile Include="DirectX12UWPCubeMain.cpp" />
  </ItemGroup>
  <ItemGroup>
    <ClInclude Include="pch.h" />
    <ClInclude Include="App.xaml.h" />
    <ClInclude Include="MainPage.xaml.h" />
    <ClInclude Include="Common\d3dx12.h">
      <Filter>Common</Filter>
    </ClInclude>
    <ClInclude Include="Common\DeviceResources.h">
      <Filter>Common</Filter>
    </ClInclude>
    <ClInclude Include="Common\DirectXHelper.h">
      <Filter>Common</Filter>
    </ClInclude>
    <ClInclude Include="Common\StepTimer.h">
      <Filter>Common</Filter>
    </ClInclude>
    <ClInclude Include="Content\Sample3DSceneRenderer.h">
      <Filter>Content</Filter>
    </ClInclude>
    <ClInclude Include="Content\ShaderStructures.h">
      <Filter>Content</Filter>
    </ClInclude>
    <ClInclude Include="DirectX12UWPCubeMain.h" />
  </ItemGroup>
  <ItemGroup>
    <Image Include="Assets\LockScreenLogo.scale-200.png">
      <Filter>Assets</Filter>
    </Image>
    <Image Include="Assets\SplashScreen.scale-200.png">
      <Filter>Assets</Filter>
    </Image>
    <Image Include="Assets\Square150x150Logo.scale-200.png">
      <Filter>Assets</Filter>
    </Image>
    <Image Include="Assets\Square44x44Logo.scale-200.png">
      <Filter>Assets</Filter>
    </Image>
    <Image Include="Assets\Square44x44Logo.targetsize-24_altform-unplated.png">
      <Filter>Assets</Filter>
    </Image>
    <Image Include="Assets\StoreLogo.png">
      <Filter>Assets</Filter>
    </Image>
    <Image Include="Assets\Wide310x150Logo.scale-200.png">
      <Filter>Assets</Filter>
    </Image>
  </ItemGroup>
  <ItemGroup>
    <AppxManifest Include="Package.appxmanifest" />
  </ItemGroup>
  <ItemGroup>
    <None Include="DirectX12XAMLCube_TemporaryKey.pfx" />
  </ItemGroup>
  <ItemGroup>
    <Page Include="MainPage.xaml" />
  </ItemGroup>
  <ItemGroup>
    <FxCompile Include="Content\SamplePixelShader.hlsl">
      <Filter>Content</Filter>
    </FxCompile>
    <FxCompile Include="Content\SampleVertexShader.hlsl">
      <Filter>Content</Filter>
    </FxCompile>
  </ItemGroup>
</Project>