<?xml version="1.0" encoding="utf-8"?>
<Project ToolsVersion="14.0" xmlns="http://schemas.microsoft.com/developer/msbuild/2003">
  <ItemGroup>
    <Filter Include="Common">
      <UniqueIdentifier>966ce2a0-0f28-4fbc-b9bf-f93c05f27ad0</UniqueIdentifier>
    </Filter>
    <Filter Include="Assets">
      <UniqueIdentifier>cbfbe1ff-00fd-4298-ab3b-8d369dff1b5f</UniqueIdentifier>
      <Extensions>bmp;fbx;gif;jpg;jpeg;tga;tiff;tif;png</Extensions>
    </Filter>
    <Filter Include="Content">
      <UniqueIdentifier>{61e593b7-09c5-42d0-ae71-016d20b2c6dd}</UniqueIdentifier>
    </Filter>
  </ItemGroup>
  <ItemGroup>
    <ApplicationDefinition Include="App.xaml" />
  </ItemGroup>
  <ItemGroup>
    <ClCompile Include="App.xaml.cpp" />
    <ClCompile Include="MainPage.xaml.cpp" />
    <ClCompile Include="pch.cpp" />
    <ClCompile Include="Common\DeviceResources.cpp">
      <Filter>Common</Filter>
    </ClCompile>
    <ClCompile Include="Content\Sample3DSceneRenderer.cpp">
      <Filter>Content</Filter>
    </ClCompile>
    <ClCompile Include="DirectX12UWPCubeMain.cpp" />
    <ClCompile Include="Content\ConstantBufferViewHeapManager.cpp">
      <Filter>Content</Filter>
    </ClCompile>
    <ClCompile Include="Content\ConstantPixelShaderBufferInformation.cpp">
      <Filter>Content</Filter>
    </ClCompile>
    <ClCompile Include="Content\CustomCube.cpp">
      <Filter>Content</Filter>
    </ClCompile>
    <ClCompile Include="Content\CustomPlane.cpp">
      <Filter>Content</Filter>
    </ClCompile>
    <ClCompile Include="Content\CustomSphere.cpp">
      <Filter>Content</Filter>
    </ClCompile>
    <ClCompile Include="Content\PipelineStateManager.cpp">
      <Filter>Content</Filter>
    </ClCompile>
    <ClCompile Include="Content\TextureManager.cpp">
      <Filter>Content</Filter>
    </ClCompile>
    <ClCompile Include="Content\SimpleCamera.cpp">
      <Filter>Content</Filter>
    </ClCompile>
  </ItemGroup>
  <ItemGroup>
    <ClInclude Include="pch.h" />
    <ClInclude Include="App.xaml.h" />
    <ClInclude Include="MainPage.xaml.h" />
    <ClInclude Include="Common\d3dx12.h">
      <Filter>Common</Filter>
    </ClInclude>
    <ClInclude Include="Common\DeviceResources.h">
      <Filter>Common</Filter>
    </ClInclude>
    <ClInclude Include="Common\DirectXHelper.h">
      <Filter>Common</Filter>
    </ClInclude>
    <ClInclude Include="Common\StepTimer.h">
      <Filter>Common</Filter>
    </ClInclude>
    <ClInclude Include="Content\Sample3DSceneRenderer.h">
      <Filter>Content</Filter>
    </ClInclude>
    <ClInclude Include="Content\ShaderStructures.h">
      <Filter>Content</Filter>
    </ClInclude>
    <ClInclude Include="DirectX12UWPCubeMain.h" />
    <ClInclude Include="Content\ConstantBufferViewHeapManager.h">
      <Filter>Content</Filter>
    </ClInclude>
    <ClInclude Include="Content\ConstantPixelShaderBufferInformation.h">
      <Filter>Content</Filter>
    </ClInclude>
    <ClInclude Include="Content\CustomCube.h">
      <Filter>Content</Filter>
    </ClInclude>
    <ClInclude Include="Content\CustomPlane.h">
      <Filter>Content</Filter>
    </ClInclude>
    <ClInclude Include="Content\CustomSphere.h">
      <Filter>Content</Filter>
    </ClInclude>
    <ClInclude Include="Content\PipelineStateManager.h">
      <Filter>Content</Filter>
    </ClInclude>
    <ClInclude Include="Content\TextureManager.h">
      <Filter>Content</Filter>
    </ClInclude>
    <ClInclude Include="Content\SimpleCamera.h">
      <Filter>Content</Filter>
    </ClInclude>
  </ItemGroup>
  <ItemGroup>
    <Image Include="Assets\LockScreenLogo.scale-200.png">
      <Filter>Assets</Filter>
    </Image>
    <Image Include="Assets\SplashScreen.scale-200.png">
      <Filter>Assets</Filter>
    </Image>
    <Image Include="Assets\Square150x150Logo.scale-200.png">
      <Filter>Assets</Filter>
    </Image>
    <Image Include="Assets\Square44x44Logo.scale-200.png">
      <Filter>Assets</Filter>
    </Image>
    <Image Include="Assets\Square44x44Logo.targetsize-24_altform-unplated.png">
      <Filter>Assets</Filter>
    </Image>
    <Image Include="Assets\StoreLogo.png">
      <Filter>Assets</Filter>
    </Image>
    <Image Include="Assets\Wide310x150Logo.scale-200.png">
      <Filter>Assets</Filter>
    </Image>
    <Image Include="Assets\pic01.jpg">
      <Filter>Assets</Filter>
    </Image>
    <Image Include="Assets\pic02.jpg">
      <Filter>Assets</Filter>
    </Image>
    <Image Include="Assets\pic03.jpg">
      <Filter>Assets</Filter>
    </Image>
    <Image Include="Assets\Btn_Bg.png">
      <Filter>Assets</Filter>
    </Image>
  </ItemGroup>
  <ItemGroup>
    <AppxManifest Include="Package.appxmanifest" />
  </ItemGroup>
  <ItemGroup>
    <None Include="DirectX12XamlGeometries_TemporaryKey.pfx" />
  </ItemGroup>
  <ItemGroup>
    <Page Include="MainPage.xaml" />
  </ItemGroup>
  <ItemGroup>
    <FxCompile Include="Content\SamplePixelShader.hlsl">
      <Filter>Content</Filter>
    </FxCompile>
    <FxCompile Include="Content\SampleVertexShader.hlsl">
      <Filter>Content</Filter>
    </FxCompile>
    <FxCompile Include="Content\PlanePixelShader.hlsl">
      <Filter>Content</Filter>
    </FxCompile>
    <FxCompile Include="Content\PlaneVertexShader.hlsl">
      <Filter>Content</Filter>
    </FxCompile>
  </ItemGroup>
  <ItemGroup>
    <Media Include="Assets\click.wav">
      <Filter>Assets</Filter>
    </Media>
    <Media Include="Assets\Musit.mp3">
      <Filter>Assets</Filter>
    </Media>
    <Media Include="Assets\qysn.mp4">
      <Filter>Assets</Filter>
    </Media>
  </ItemGroup>
</Project>